// !$*UTF8*$!
{
	archiveVersion = 1;
	classes = {
	};
	objectVersion = 50;
	objects = {

/* Begin PBXBuildFile section */
		39CD89AB2153E29F00D7A2BA /* AppDelegate.swift in Sources */ = {isa = PBXBuildFile; fileRef = 39CD89AA2153E29F00D7A2BA /* AppDelegate.swift */; };
		39CD89AD2153E29F00D7A2BA /* ViewController.swift in Sources */ = {isa = PBXBuildFile; fileRef = 39CD89AC2153E29F00D7A2BA /* ViewController.swift */; };
		39CD89B02153E29F00D7A2BA /* Main.storyboard in Resources */ = {isa = PBXBuildFile; fileRef = 39CD89AE2153E29F00D7A2BA /* Main.storyboard */; };
		39CD89B22153E2A000D7A2BA /* Assets.xcassets in Resources */ = {isa = PBXBuildFile; fileRef = 39CD89B12153E2A000D7A2BA /* Assets.xcassets */; };
		39CD89B52153E2A000D7A2BA /* LaunchScreen.storyboard in Resources */ = {isa = PBXBuildFile; fileRef = 39CD89B32153E2A000D7A2BA /* LaunchScreen.storyboard */; };
		39CD89EB2154E7EE00D7A2BA /* .gitignore in Resources */ = {isa = PBXBuildFile; fileRef = 39CD89EA2154E7EE00D7A2BA /* .gitignore */; };
		39CD89F521554BB600D7A2BA /* CustomStringConvertible.swift in Sources */ = {isa = PBXBuildFile; fileRef = 39CD89F421554BB600D7A2BA /* CustomStringConvertible.swift */; };
/* End PBXBuildFile section */

/* Begin PBXFileReference section */
		39CD89A72153E29F00D7A2BA /* TinkoffChat.app */ = {isa = PBXFileReference; explicitFileType = wrapper.application; includeInIndex = 0; path = TinkoffChat.app; sourceTree = BUILT_PRODUCTS_DIR; };
		39CD89AA2153E29F00D7A2BA /* AppDelegate.swift */ = {isa = PBXFileReference; lastKnownFileType = sourcecode.swift; path = AppDelegate.swift; sourceTree = "<group>"; };
		39CD89AC2153E29F00D7A2BA /* ViewController.swift */ = {isa = PBXFileReference; lastKnownFileType = sourcecode.swift; path = ViewController.swift; sourceTree = "<group>"; };
		39CD89AF2153E29F00D7A2BA /* Base */ = {isa = PBXFileReference; lastKnownFileType = file.storyboard; name = Base; path = Base.lproj/Main.storyboard; sourceTree = "<group>"; };
		39CD89B12153E2A000D7A2BA /* Assets.xcassets */ = {isa = PBXFileReference; lastKnownFileType = folder.assetcatalog; path = Assets.xcassets; sourceTree = "<group>"; };
		39CD89B42153E2A000D7A2BA /* Base */ = {isa = PBXFileReference; lastKnownFileType = file.storyboard; name = Base; path = Base.lproj/LaunchScreen.storyboard; sourceTree = "<group>"; };
		39CD89B62153E2A000D7A2BA /* Info.plist */ = {isa = PBXFileReference; lastKnownFileType = text.plist.xml; path = Info.plist; sourceTree = "<group>"; };
		39CD89C22153FAE800D7A2BA /* AppDelegate.swift */ = {isa = PBXFileReference; lastKnownFileType = sourcecode.swift; path = AppDelegate.swift; sourceTree = "<group>"; };
		39CD89C42153FAE800D7A2BA /* ViewController.swift */ = {isa = PBXFileReference; lastKnownFileType = sourcecode.swift; path = ViewController.swift; sourceTree = "<group>"; };
		39CD89C72153FAE800D7A2BA /* Base */ = {isa = PBXFileReference; lastKnownFileType = file.storyboard; name = Base; path = Base.lproj/Main.storyboard; sourceTree = "<group>"; };
		39CD89C92153FAE900D7A2BA /* Assets.xcassets */ = {isa = PBXFileReference; lastKnownFileType = folder.assetcatalog; path = Assets.xcassets; sourceTree = "<group>"; };
		39CD89CC2153FAE900D7A2BA /* Base */ = {isa = PBXFileReference; lastKnownFileType = file.storyboard; name = Base; path = Base.lproj/LaunchScreen.storyboard; sourceTree = "<group>"; };
		39CD89CE2153FAE900D7A2BA /* Info.plist */ = {isa = PBXFileReference; lastKnownFileType = text.plist.xml; path = Info.plist; sourceTree = "<group>"; };
		39CD89D32153FB0300D7A2BA /* TinkoffChat.xcodeproj */ = {isa = PBXFileReference; lastKnownFileType = "wrapper.pb-project"; path = TinkoffChat.xcodeproj; sourceTree = "<group>"; };
		39CD89E32153FB4400D7A2BA /* TinkoffChat copy-Info.plist */ = {isa = PBXFileReference; lastKnownFileType = text.plist.xml; name = "TinkoffChat copy-Info.plist"; path = "/Users/timur/Projects/TinkoffChat/TinkoffChat copy-Info.plist"; sourceTree = "<absolute>"; };
		39CD89EA2154E7EE00D7A2BA /* .gitignore */ = {isa = PBXFileReference; lastKnownFileType = text; path = .gitignore; sourceTree = "<group>"; };
		39CD89F421554BB600D7A2BA /* CustomStringConvertible.swift */ = {isa = PBXFileReference; lastKnownFileType = sourcecode.swift; path = CustomStringConvertible.swift; sourceTree = "<group>"; };
/* End PBXFileReference section */

/* Begin PBXFrameworksBuildPhase section */
		39CD89A42153E29F00D7A2BA /* Frameworks */ = {
			isa = PBXFrameworksBuildPhase;
			buildActionMask = 2147483647;
			files = (
			);
			runOnlyForDeploymentPostprocessing = 0;
		};
/* End PBXFrameworksBuildPhase section */

/* Begin PBXGroup section */
		39CD899E2153E29F00D7A2BA = {
			isa = PBXGroup;
			children = (
				39CD89EA2154E7EE00D7A2BA /* .gitignore */,
				39CD89A92153E29F00D7A2BA /* TinkoffChat */,
				39CD89C12153FAE800D7A2BA /* MyTarget */,
				39CD89A82153E29F00D7A2BA /* Products */,
				39CD89D22153FB0200D7A2BA /* Frameworks */,
				39CD89E32153FB4400D7A2BA /* TinkoffChat copy-Info.plist */,
			);
			sourceTree = "<group>";
		};
		39CD89A82153E29F00D7A2BA /* Products */ = {
			isa = PBXGroup;
			children = (
				39CD89A72153E29F00D7A2BA /* TinkoffChat.app */,
			);
			name = Products;
			sourceTree = "<group>";
		};
		39CD89A92153E29F00D7A2BA /* TinkoffChat */ = {
			isa = PBXGroup;
			children = (
				39CD89AA2153E29F00D7A2BA /* AppDelegate.swift */,
				39CD89AC2153E29F00D7A2BA /* ViewController.swift */,
				39CD89AE2153E29F00D7A2BA /* Main.storyboard */,
				39CD89B12153E2A000D7A2BA /* Assets.xcassets */,
				39CD89B32153E2A000D7A2BA /* LaunchScreen.storyboard */,
				39CD89B62153E2A000D7A2BA /* Info.plist */,
				39CD89F621554BBC00D7A2BA /* UIApplicationState extensions */,
			);
			path = TinkoffChat;
			sourceTree = "<group>";
		};
		39CD89C12153FAE800D7A2BA /* MyTarget */ = {
			isa = PBXGroup;
			children = (
				39CD89C22153FAE800D7A2BA /* AppDelegate.swift */,
				39CD89C42153FAE800D7A2BA /* ViewController.swift */,
				39CD89C62153FAE800D7A2BA /* Main.storyboard */,
				39CD89C92153FAE900D7A2BA /* Assets.xcassets */,
				39CD89CB2153FAE900D7A2BA /* LaunchScreen.storyboard */,
				39CD89CE2153FAE900D7A2BA /* Info.plist */,
			);
			path = MyTarget;
			sourceTree = "<group>";
		};
		39CD89D22153FB0200D7A2BA /* Frameworks */ = {
			isa = PBXGroup;
			children = (
				39CD89D32153FB0300D7A2BA /* TinkoffChat.xcodeproj */,
			);
			name = Frameworks;
			sourceTree = "<group>";
		};
		39CD89D42153FB0300D7A2BA /* Products */ = {
			isa = PBXGroup;
			name = Products;
			sourceTree = "<group>";
		};
		39CD89F621554BBC00D7A2BA /* UIApplicationState extensions */ = {
			isa = PBXGroup;
			children = (
				39CD89F421554BB600D7A2BA /* CustomStringConvertible.swift */,
			);
			path = "UIApplicationState extensions";
			sourceTree = "<group>";
		};
/* End PBXGroup section */

/* Begin PBXNativeTarget section */
		39CD89A62153E29F00D7A2BA /* TinkoffChat */ = {
			isa = PBXNativeTarget;
			buildConfigurationList = 39CD89B92153E2A000D7A2BA /* Build configuration list for PBXNativeTarget "TinkoffChat" */;
			buildPhases = (
				39CD89A32153E29F00D7A2BA /* Sources */,
				39CD89A42153E29F00D7A2BA /* Frameworks */,
				39CD89A52153E29F00D7A2BA /* Resources */,
			);
			buildRules = (
			);
			dependencies = (
			);
			name = TinkoffChat;
			productName = TinkoffChat;
			productReference = 39CD89A72153E29F00D7A2BA /* TinkoffChat.app */;
			productType = "com.apple.product-type.application";
		};
/* End PBXNativeTarget section */

/* Begin PBXProject section */
		39CD899F2153E29F00D7A2BA /* Project object */ = {
			isa = PBXProject;
			attributes = {
				LastSwiftUpdateCheck = 0940;
				LastUpgradeCheck = 0940;
				ORGANIZATIONNAME = "Тимур";
				TargetAttributes = {
					39CD89A62153E29F00D7A2BA = {
						CreatedOnToolsVersion = 9.4.1;
					};
				};
			};
			buildConfigurationList = 39CD89A22153E29F00D7A2BA /* Build configuration list for PBXProject "TinkoffChat" */;
			compatibilityVersion = "Xcode 9.3";
			developmentRegion = en;
			hasScannedForEncodings = 0;
			knownRegions = (
				en,
				Base,
			);
			mainGroup = 39CD899E2153E29F00D7A2BA;
			productRefGroup = 39CD89A82153E29F00D7A2BA /* Products */;
			projectDirPath = "";
			projectReferences = (
				{
					ProductGroup = 39CD89D42153FB0300D7A2BA /* Products */;
					ProjectRef = 39CD89D32153FB0300D7A2BA /* TinkoffChat.xcodeproj */;
				},
			);
			projectRoot = "";
			targets = (
				39CD89A62153E29F00D7A2BA /* TinkoffChat */,
			);
		};
/* End PBXProject section */

/* Begin PBXResourcesBuildPhase section */
		39CD89A52153E29F00D7A2BA /* Resources */ = {
			isa = PBXResourcesBuildPhase;
			buildActionMask = 2147483647;
			files = (
				39CD89EB2154E7EE00D7A2BA /* .gitignore in Resources */,
				39CD89B52153E2A000D7A2BA /* LaunchScreen.storyboard in Resources */,
				39CD89B22153E2A000D7A2BA /* Assets.xcassets in Resources */,
				39CD89B02153E29F00D7A2BA /* Main.storyboard in Resources */,
			);
			runOnlyForDeploymentPostprocessing = 0;
		};
/* End PBXResourcesBuildPhase section */

/* Begin PBXSourcesBuildPhase section */
		39CD89A32153E29F00D7A2BA /* Sources */ = {
			isa = PBXSourcesBuildPhase;
			buildActionMask = 2147483647;
			files = (
				39CD89F521554BB600D7A2BA /* CustomStringConvertible.swift in Sources */,
				39CD89AD2153E29F00D7A2BA /* ViewController.swift in Sources */,
				39CD89AB2153E29F00D7A2BA /* AppDelegate.swift in Sources */,
			);
			runOnlyForDeploymentPostprocessing = 0;
		};
/* End PBXSourcesBuildPhase section */

/* Begin PBXVariantGroup section */
		39CD89AE2153E29F00D7A2BA /* Main.storyboard */ = {
			isa = PBXVariantGroup;
			children = (
				39CD89AF2153E29F00D7A2BA /* Base */,
			);
			name = Main.storyboard;
			sourceTree = "<group>";
		};
		39CD89B32153E2A000D7A2BA /* LaunchScreen.storyboard */ = {
			isa = PBXVariantGroup;
			children = (
				39CD89B42153E2A000D7A2BA /* Base */,
			);
			name = LaunchScreen.storyboard;
			sourceTree = "<group>";
		};
		39CD89C62153FAE800D7A2BA /* Main.storyboard */ = {
			isa = PBXVariantGroup;
			children = (
				39CD89C72153FAE800D7A2BA /* Base */,
			);
			name = Main.storyboard;
			sourceTree = "<group>";
		};
		39CD89CB2153FAE900D7A2BA /* LaunchScreen.storyboard */ = {
			isa = PBXVariantGroup;
			children = (
				39CD89CC2153FAE900D7A2BA /* Base */,
			);
			name = LaunchScreen.storyboard;
			sourceTree = "<group>";
		};
/* End PBXVariantGroup section */

/* Begin XCBuildConfiguration section */
		39CD89B72153E2A000D7A2BA /* Debug */ = {
			isa = XCBuildConfiguration;
			buildSettings = {
				ALWAYS_SEARCH_USER_PATHS = NO;
				CLANG_ANALYZER_NONNULL = YES;
				CLANG_ANALYZER_NUMBER_OBJECT_CONVERSION = YES_AGGRESSIVE;
				CLANG_CXX_LANGUAGE_STANDARD = "gnu++14";
				CLANG_CXX_LIBRARY = "libc++";
				CLANG_ENABLE_MODULES = YES;
				CLANG_ENABLE_OBJC_ARC = YES;
				CLANG_ENABLE_OBJC_WEAK = YES;
				CLANG_WARN_BLOCK_CAPTURE_AUTORELEASING = YES;
				CLANG_WARN_BOOL_CONVERSION = YES;
				CLANG_WARN_COMMA = YES;
				CLANG_WARN_CONSTANT_CONVERSION = YES;
				CLANG_WARN_DEPRECATED_OBJC_IMPLEMENTATIONS = YES;
				CLANG_WARN_DIRECT_OBJC_ISA_USAGE = YES_ERROR;
				CLANG_WARN_DOCUMENTATION_COMMENTS = YES;
				CLANG_WARN_EMPTY_BODY = YES;
				CLANG_WARN_ENUM_CONVERSION = YES;
				CLANG_WARN_INFINITE_RECURSION = YES;
				CLANG_WARN_INT_CONVERSION = YES;
				CLANG_WARN_NON_LITERAL_NULL_CONVERSION = YES;
				CLANG_WARN_OBJC_IMPLICIT_RETAIN_SELF = YES;
				CLANG_WARN_OBJC_LITERAL_CONVERSION = YES;
				CLANG_WARN_OBJC_ROOT_CLASS = YES_ERROR;
				CLANG_WARN_RANGE_LOOP_ANALYSIS = YES;
				CLANG_WARN_STRICT_PROTOTYPES = YES;
				CLANG_WARN_SUSPICIOUS_MOVE = YES;
				CLANG_WARN_UNGUARDED_AVAILABILITY = YES_AGGRESSIVE;
				CLANG_WARN_UNREACHABLE_CODE = YES;
				CLANG_WARN__DUPLICATE_METHOD_MATCH = YES;
				CODE_SIGN_IDENTITY = "iPhone Developer";
				COPY_PHASE_STRIP = NO;
				DEBUG_INFORMATION_FORMAT = dwarf;
				ENABLE_STRICT_OBJC_MSGSEND = YES;
				ENABLE_TESTABILITY = YES;
				GCC_C_LANGUAGE_STANDARD = gnu11;
				GCC_DYNAMIC_NO_PIC = NO;
				GCC_NO_COMMON_BLOCKS = YES;
				GCC_OPTIMIZATION_LEVEL = 0;
				GCC_PREPROCESSOR_DEFINITIONS = (
					"DEBUG=1",
					"$(inherited)",
				);
				GCC_WARN_64_TO_32_BIT_CONVERSION = YES;
				GCC_WARN_ABOUT_RETURN_TYPE = YES_ERROR;
				GCC_WARN_UNDECLARED_SELECTOR = YES;
				GCC_WARN_UNINITIALIZED_AUTOS = YES_AGGRESSIVE;
				GCC_WARN_UNUSED_FUNCTION = YES;
				GCC_WARN_UNUSED_VARIABLE = YES;
				IPHONEOS_DEPLOYMENT_TARGET = 11.0;
				MTL_ENABLE_DEBUG_INFO = YES;
				ONLY_ACTIVE_ARCH = YES;
				SDKROOT = iphoneos;
				SWIFT_ACTIVE_COMPILATION_CONDITIONS = DEBUG;
				SWIFT_OPTIMIZATION_LEVEL = "-Onone";
			};
			name = Debug;
		};
		39CD89B82153E2A000D7A2BA /* Release */ = {
			isa = XCBuildConfiguration;
			buildSettings = {
				ALWAYS_SEARCH_USER_PATHS = NO;
				CLANG_ANALYZER_NONNULL = YES;
				CLANG_ANALYZER_NUMBER_OBJECT_CONVERSION = YES_AGGRESSIVE;
				CLANG_CXX_LANGUAGE_STANDARD = "gnu++14";
				CLANG_CXX_LIBRARY = "libc++";
				CLANG_ENABLE_MODULES = YES;
				CLANG_ENABLE_OBJC_ARC = YES;
				CLANG_ENABLE_OBJC_WEAK = YES;
				CLANG_WARN_BLOCK_CAPTURE_AUTORELEASING = YES;
				CLANG_WARN_BOOL_CONVERSION = YES;
				CLANG_WARN_COMMA = YES;
				CLANG_WARN_CONSTANT_CONVERSION = YES;
				CLANG_WARN_DEPRECATED_OBJC_IMPLEMENTATIONS = YES;
				CLANG_WARN_DIRECT_OBJC_ISA_USAGE = YES_ERROR;
				CLANG_WARN_DOCUMENTATION_COMMENTS = YES;
				CLANG_WARN_EMPTY_BODY = YES;
				CLANG_WARN_ENUM_CONVERSION = YES;
				CLANG_WARN_INFINITE_RECURSION = YES;
				CLANG_WARN_INT_CONVERSION = YES;
				CLANG_WARN_NON_LITERAL_NULL_CONVERSION = YES;
				CLANG_WARN_OBJC_IMPLICIT_RETAIN_SELF = YES;
				CLANG_WARN_OBJC_LITERAL_CONVERSION = YES;
				CLANG_WARN_OBJC_ROOT_CLASS = YES_ERROR;
				CLANG_WARN_RANGE_LOOP_ANALYSIS = YES;
				CLANG_WARN_STRICT_PROTOTYPES = YES;
				CLANG_WARN_SUSPICIOUS_MOVE = YES;
				CLANG_WARN_UNGUARDED_AVAILABILITY = YES_AGGRESSIVE;
				CLANG_WARN_UNREACHABLE_CODE = YES;
				CLANG_WARN__DUPLICATE_METHOD_MATCH = YES;
				CODE_SIGN_IDENTITY = "iPhone Developer";
				COPY_PHASE_STRIP = NO;
				DEBUG_INFORMATION_FORMAT = "dwarf-with-dsym";
				ENABLE_NS_ASSERTIONS = NO;
				ENABLE_STRICT_OBJC_MSGSEND = YES;
				GCC_C_LANGUAGE_STANDARD = gnu11;
				GCC_NO_COMMON_BLOCKS = YES;
				GCC_WARN_64_TO_32_BIT_CONVERSION = YES;
				GCC_WARN_ABOUT_RETURN_TYPE = YES_ERROR;
				GCC_WARN_UNDECLARED_SELECTOR = YES;
				GCC_WARN_UNINITIALIZED_AUTOS = YES_AGGRESSIVE;
				GCC_WARN_UNUSED_FUNCTION = YES;
				GCC_WARN_UNUSED_VARIABLE = YES;
				IPHONEOS_DEPLOYMENT_TARGET = 11.0;
				MTL_ENABLE_DEBUG_INFO = NO;
				ONLY_ACTIVE_ARCH = NO;
				OTHER_SWIFT_FLAGS = "";
				SDKROOT = iphoneos;
				SWIFT_COMPILATION_MODE = wholemodule;
				SWIFT_OPTIMIZATION_LEVEL = "-O";
				VALIDATE_PRODUCT = YES;
			};
			name = Release;
		};
		39CD89BA2153E2A000D7A2BA /* Debug */ = {
			isa = XCBuildConfiguration;
			buildSettings = {
				ASSETCATALOG_COMPILER_APPICON_NAME = AppIcon;
				CODE_SIGN_STYLE = Automatic;
				DEVELOPMENT_TEAM = N7THUBBPH8;
				INFOPLIST_FILE = TinkoffChat/Info.plist;
				IPHONEOS_DEPLOYMENT_TARGET = 11.0;
				LD_RUNPATH_SEARCH_PATHS = (
					"$(inherited)",
					"@executable_path/Frameworks",
				);
				PRODUCT_BUNDLE_IDENTIFIER = com.tssadykov.TinkoffChat;
				PRODUCT_NAME = "$(TARGET_NAME)";
				SWIFT_VERSION = 4.0;
				TARGETED_DEVICE_FAMILY = "1,2";
			};
			name = Debug;
		};
		39CD89BB2153E2A000D7A2BA /* Release */ = {
			isa = XCBuildConfiguration;
			buildSettings = {
				ASSETCATALOG_COMPILER_APPICON_NAME = AppIcon;
				CODE_SIGN_STYLE = Automatic;
				DEVELOPMENT_TEAM = N7THUBBPH8;
				INFOPLIST_FILE = TinkoffChat/Info.plist;
				IPHONEOS_DEPLOYMENT_TARGET = 11.0;
				LD_RUNPATH_SEARCH_PATHS = (
					"$(inherited)",
					"@executable_path/Frameworks",
				);
				PRODUCT_BUNDLE_IDENTIFIER = com.tssadykov.TinkoffChat;
				PRODUCT_NAME = "$(TARGET_NAME)";
				SWIFT_VERSION = 4.0;
				TARGETED_DEVICE_FAMILY = "1,2";
			};
			name = Release;
		};
/* End XCBuildConfiguration section */

/* Begin XCConfigurationList section */
		39CD89A22153E29F00D7A2BA /* Build configuration list for PBXProject "TinkoffChat" */ = {
			isa = XCConfigurationList;
			buildConfigurations = (
				39CD89B72153E2A000D7A2BA /* Debug */,
				39CD89B82153E2A000D7A2BA /* Release */,
			);
			defaultConfigurationIsVisible = 0;
			defaultConfigurationName = Debug;
		};
		39CD89B92153E2A000D7A2BA /* Build configuration list for PBXNativeTarget "TinkoffChat" */ = {
			isa = XCConfigurationList;
			buildConfigurations = (
				39CD89BA2153E2A000D7A2BA /* Debug */,
				39CD89BB2153E2A000D7A2BA /* Release */,
			);
			defaultConfigurationIsVisible = 0;
			defaultConfigurationName = Debug;
		};
/* End XCConfigurationList section */
	};
	rootObject = 39CD899F2153E29F00D7A2BA /* Project object */;
}
