// !$*UTF8*$!
{
	archiveVersion = 1;
	classes = {
	};
	objectVersion = 50;
	objects = {

/* Begin PBXBuildFile section */
		39044E1D216FC49500B89573 /* ThemesVC delegate.swift in Sources */ = {isa = PBXBuildFile; fileRef = 39044E1C216FC49500B89573 /* ThemesVC delegate.swift */; };
		39044E1F21713F5300B89573 /* Themes.m in Sources */ = {isa = PBXBuildFile; fileRef = 39044E1E21713F5300B89573 /* Themes.m */; };
		3954D84321824C8D006E8AE3 /* Communicator.swift in Sources */ = {isa = PBXBuildFile; fileRef = 3954D84221824C8D006E8AE3 /* Communicator.swift */; };
		3954D84521824CA5006E8AE3 /* CommunicatorDelegate.swift in Sources */ = {isa = PBXBuildFile; fileRef = 3954D84421824CA5006E8AE3 /* CommunicatorDelegate.swift */; };
		3954D84721824F7E006E8AE3 /* MultipeerCommunicator.swift in Sources */ = {isa = PBXBuildFile; fileRef = 3954D84621824F7E006E8AE3 /* MultipeerCommunicator.swift */; };
		3954D84C2182F9B6006E8AE3 /* MC extensions.swift in Sources */ = {isa = PBXBuildFile; fileRef = 3954D84B2182F9B6006E8AE3 /* MC extensions.swift */; };
		3954D84E218319B0006E8AE3 /* CommunicatonManager.swift in Sources */ = {isa = PBXBuildFile; fileRef = 3954D84D218319B0006E8AE3 /* CommunicatonManager.swift */; };
		3954D85221834B4D006E8AE3 /* CommunicationIntegrator.swift in Sources */ = {isa = PBXBuildFile; fileRef = 3954D85121834B4D006E8AE3 /* CommunicationIntegrator.swift */; };
		3959B34D21845EC200CDC3FD /* Conversation ComInt.swift in Sources */ = {isa = PBXBuildFile; fileRef = 3959B34C21845EC200CDC3FD /* Conversation ComInt.swift */; };
		396AD90F21949F3100012B84 /* FetchRequestManager.swift in Sources */ = {isa = PBXBuildFile; fileRef = 396AD90E21949F3100012B84 /* FetchRequestManager.swift */; };
		396AD911219571BF00012B84 /* Conversation.swift in Sources */ = {isa = PBXBuildFile; fileRef = 396AD910219571BF00012B84 /* Conversation.swift */; };
		396AD913219579E300012B84 /* ConversationListVC+NSFetchResultsCD.swift in Sources */ = {isa = PBXBuildFile; fileRef = 396AD912219579E300012B84 /* ConversationListVC+NSFetchResultsCD.swift */; };
		396AD915219590A000012B84 /* Message.swift in Sources */ = {isa = PBXBuildFile; fileRef = 396AD914219590A000012B84 /* Message.swift */; };
		396AD91721959F4A00012B84 /* User.swift in Sources */ = {isa = PBXBuildFile; fileRef = 396AD91621959F4A00012B84 /* User.swift */; };
		396AD9192195DE4D00012B84 /* ConversationVC+FetchedResultCD.swift in Sources */ = {isa = PBXBuildFile; fileRef = 396AD9182195DE4D00012B84 /* ConversationVC+FetchedResultCD.swift */; };
		397DAD87218CA95000E03925 /* StorageManager.swift in Sources */ = {isa = PBXBuildFile; fileRef = 397DAD86218CA95000E03925 /* StorageManager.swift */; };
		397DAD8A218CB15100E03925 /* AppUser.swift in Sources */ = {isa = PBXBuildFile; fileRef = 397DAD89218CB15100E03925 /* AppUser.swift */; };
		398A8F2C2167B9E700FB7EF1 /* ConversationViewController.swift in Sources */ = {isa = PBXBuildFile; fileRef = 398A8F2B2167B9E700FB7EF1 /* ConversationViewController.swift */; };
		398A8F2F2167CF4100FB7EF1 /* MessageTableViewCell.swift in Sources */ = {isa = PBXBuildFile; fileRef = 398A8F2E2167CF4100FB7EF1 /* MessageTableViewCell.swift */; };
		398A8F312167D94F00FB7EF1 /* Conversation TableView.swift in Sources */ = {isa = PBXBuildFile; fileRef = 398A8F302167D94F00FB7EF1 /* Conversation TableView.swift */; };
		399C3CAA2166291D00237FC4 /* ConversationListViewController.swift in Sources */ = {isa = PBXBuildFile; fileRef = 399C3CA92166291D00237FC4 /* ConversationListViewController.swift */; };
		399C3CAC2166805000237FC4 /* ConversationList TableView.swift in Sources */ = {isa = PBXBuildFile; fileRef = 399C3CAB2166805000237FC4 /* ConversationList TableView.swift */; };
		399C3CAE216681BF00237FC4 /* ConversationTableViewCell.swift in Sources */ = {isa = PBXBuildFile; fileRef = 399C3CAD216681BF00237FC4 /* ConversationTableViewCell.swift */; };
		399C3CB221668AB400237FC4 /* ConversationCellConfiguration.swift in Sources */ = {isa = PBXBuildFile; fileRef = 399C3CB121668AB400237FC4 /* ConversationCellConfiguration.swift */; };
		399C3CBB21673FCD00237FC4 /* MessageCellConfiguration.swift in Sources */ = {isa = PBXBuildFile; fileRef = 399C3CBA21673FCD00237FC4 /* MessageCellConfiguration.swift */; };
		39B4E56E21735C8000772481 /* ThemesViewController.m in Sources */ = {isa = PBXBuildFile; fileRef = 39044E16216FB52500B89573 /* ThemesViewController.m */; };
		39B81FA8218A1E7F0065C997 /* CoreDataStack.swift in Sources */ = {isa = PBXBuildFile; fileRef = 39B81FA7218A1E7F0065C997 /* CoreDataStack.swift */; };
		39B81FAB218A1EF00065C997 /* DataModel.xcdatamodeld in Sources */ = {isa = PBXBuildFile; fileRef = 39B81FA9218A1EF00065C997 /* DataModel.xcdatamodeld */; };
		39CD89AB2153E29F00D7A2BA /* AppDelegate.swift in Sources */ = {isa = PBXBuildFile; fileRef = 39CD89AA2153E29F00D7A2BA /* AppDelegate.swift */; };
		39CD89AD2153E29F00D7A2BA /* ProfileViewController.swift in Sources */ = {isa = PBXBuildFile; fileRef = 39CD89AC2153E29F00D7A2BA /* ProfileViewController.swift */; };
		39CD89B02153E29F00D7A2BA /* Main.storyboard in Resources */ = {isa = PBXBuildFile; fileRef = 39CD89AE2153E29F00D7A2BA /* Main.storyboard */; };
		39CD89B22153E2A000D7A2BA /* Assets.xcassets in Resources */ = {isa = PBXBuildFile; fileRef = 39CD89B12153E2A000D7A2BA /* Assets.xcassets */; };
		39CD89B52153E2A000D7A2BA /* LaunchScreen.storyboard in Resources */ = {isa = PBXBuildFile; fileRef = 39CD89B32153E2A000D7A2BA /* LaunchScreen.storyboard */; };
		39CD89EB2154E7EE00D7A2BA /* .gitignore in Resources */ = {isa = PBXBuildFile; fileRef = 39CD89EA2154E7EE00D7A2BA /* .gitignore */; };
		39CD89F521554BB600D7A2BA /* CustomStringConvertible.swift in Sources */ = {isa = PBXBuildFile; fileRef = 39CD89F421554BB600D7A2BA /* CustomStringConvertible.swift */; };
		39CD89FC2156495900D7A2BA /* Logger.swift in Sources */ = {isa = PBXBuildFile; fileRef = 39CD89FB2156495900D7A2BA /* Logger.swift */; };
		39DAF667217AFDAC0043394F /* GCDDataManager.swift in Sources */ = {isa = PBXBuildFile; fileRef = 39DAF666217AFDAC0043394F /* GCDDataManager.swift */; };
		39DAF669217B08610043394F /* Profile.swift in Sources */ = {isa = PBXBuildFile; fileRef = 39DAF668217B08610043394F /* Profile.swift */; };
		39DAF66B217B0DF30043394F /* DataManager.swift in Sources */ = {isa = PBXBuildFile; fileRef = 39DAF66A217B0DF30043394F /* DataManager.swift */; };
		39DAF66D217B77D60043394F /* OperationDataManager.swift in Sources */ = {isa = PBXBuildFile; fileRef = 39DAF66C217B77D60043394F /* OperationDataManager.swift */; };
		39DDEB73215D36880028EC77 /* ImagePickerDelegate.swift in Sources */ = {isa = PBXBuildFile; fileRef = 39DDEB72215D36880028EC77 /* ImagePickerDelegate.swift */; };
		74883FC520E0CD4E4DD964EC /* Pods_TinkoffChat.framework in Frameworks */ = {isa = PBXBuildFile; fileRef = 55E31FD4E45E95E1CBDE85C3 /* Pods_TinkoffChat.framework */; };
/* End PBXBuildFile section */

/* Begin PBXFileReference section */
		39044E14216FB52500B89573 /* TinkoffChat-Bridging-Header.h */ = {isa = PBXFileReference; lastKnownFileType = sourcecode.c.h; path = "TinkoffChat-Bridging-Header.h"; sourceTree = "<group>"; };
		39044E15216FB52500B89573 /* ThemesViewController.h */ = {isa = PBXFileReference; lastKnownFileType = sourcecode.c.h; path = ThemesViewController.h; sourceTree = "<group>"; tabWidth = 4; };
		39044E16216FB52500B89573 /* ThemesViewController.m */ = {isa = PBXFileReference; lastKnownFileType = sourcecode.c.objc; path = ThemesViewController.m; sourceTree = "<group>"; };
		39044E1A216FB68600B89573 /* Themes.h */ = {isa = PBXFileReference; lastKnownFileType = sourcecode.c.h; path = Themes.h; sourceTree = "<group>"; };
		39044E1B216FB82800B89573 /* ThemesViewControllerDelegate.h */ = {isa = PBXFileReference; lastKnownFileType = sourcecode.c.h; path = ThemesViewControllerDelegate.h; sourceTree = "<group>"; };
		39044E1C216FC49500B89573 /* ThemesVC delegate.swift */ = {isa = PBXFileReference; lastKnownFileType = sourcecode.swift; path = "ThemesVC delegate.swift"; sourceTree = "<group>"; };
		39044E1E21713F5300B89573 /* Themes.m */ = {isa = PBXFileReference; lastKnownFileType = sourcecode.c.objc; path = Themes.m; sourceTree = "<group>"; };
		3954D84221824C8D006E8AE3 /* Communicator.swift */ = {isa = PBXFileReference; lastKnownFileType = sourcecode.swift; path = Communicator.swift; sourceTree = "<group>"; };
		3954D84421824CA5006E8AE3 /* CommunicatorDelegate.swift */ = {isa = PBXFileReference; lastKnownFileType = sourcecode.swift; path = CommunicatorDelegate.swift; sourceTree = "<group>"; };
		3954D84621824F7E006E8AE3 /* MultipeerCommunicator.swift */ = {isa = PBXFileReference; lastKnownFileType = sourcecode.swift; path = MultipeerCommunicator.swift; sourceTree = "<group>"; };
		3954D84B2182F9B6006E8AE3 /* MC extensions.swift */ = {isa = PBXFileReference; lastKnownFileType = sourcecode.swift; path = "MC extensions.swift"; sourceTree = "<group>"; };
		3954D84D218319B0006E8AE3 /* CommunicatonManager.swift */ = {isa = PBXFileReference; lastKnownFileType = sourcecode.swift; path = CommunicatonManager.swift; sourceTree = "<group>"; };
		3954D85121834B4D006E8AE3 /* CommunicationIntegrator.swift */ = {isa = PBXFileReference; lastKnownFileType = sourcecode.swift; path = CommunicationIntegrator.swift; sourceTree = "<group>"; };
		3959B34C21845EC200CDC3FD /* Conversation ComInt.swift */ = {isa = PBXFileReference; lastKnownFileType = sourcecode.swift; path = "Conversation ComInt.swift"; sourceTree = "<group>"; };
		396AD90E21949F3100012B84 /* FetchRequestManager.swift */ = {isa = PBXFileReference; lastKnownFileType = sourcecode.swift; path = FetchRequestManager.swift; sourceTree = "<group>"; };
		396AD910219571BF00012B84 /* Conversation.swift */ = {isa = PBXFileReference; lastKnownFileType = sourcecode.swift; path = Conversation.swift; sourceTree = "<group>"; };
		396AD912219579E300012B84 /* ConversationListVC+NSFetchResultsCD.swift */ = {isa = PBXFileReference; lastKnownFileType = sourcecode.swift; path = "ConversationListVC+NSFetchResultsCD.swift"; sourceTree = "<group>"; };
		396AD914219590A000012B84 /* Message.swift */ = {isa = PBXFileReference; lastKnownFileType = sourcecode.swift; path = Message.swift; sourceTree = "<group>"; };
		396AD91621959F4A00012B84 /* User.swift */ = {isa = PBXFileReference; lastKnownFileType = sourcecode.swift; path = User.swift; sourceTree = "<group>"; };
		396AD9182195DE4D00012B84 /* ConversationVC+FetchedResultCD.swift */ = {isa = PBXFileReference; lastKnownFileType = sourcecode.swift; path = "ConversationVC+FetchedResultCD.swift"; sourceTree = "<group>"; };
		397DAD86218CA95000E03925 /* StorageManager.swift */ = {isa = PBXFileReference; lastKnownFileType = sourcecode.swift; path = StorageManager.swift; sourceTree = "<group>"; };
		397DAD89218CB15100E03925 /* AppUser.swift */ = {isa = PBXFileReference; lastKnownFileType = sourcecode.swift; path = AppUser.swift; sourceTree = "<group>"; };
		398A8F2B2167B9E700FB7EF1 /* ConversationViewController.swift */ = {isa = PBXFileReference; lastKnownFileType = sourcecode.swift; path = ConversationViewController.swift; sourceTree = "<group>"; };
		398A8F2E2167CF4100FB7EF1 /* MessageTableViewCell.swift */ = {isa = PBXFileReference; lastKnownFileType = sourcecode.swift; path = MessageTableViewCell.swift; sourceTree = "<group>"; };
		398A8F302167D94F00FB7EF1 /* Conversation TableView.swift */ = {isa = PBXFileReference; lastKnownFileType = sourcecode.swift; path = "Conversation TableView.swift"; sourceTree = "<group>"; };
		399C3CA92166291D00237FC4 /* ConversationListViewController.swift */ = {isa = PBXFileReference; lastKnownFileType = sourcecode.swift; path = ConversationListViewController.swift; sourceTree = "<group>"; };
		399C3CAB2166805000237FC4 /* ConversationList TableView.swift */ = {isa = PBXFileReference; lastKnownFileType = sourcecode.swift; path = "ConversationList TableView.swift"; sourceTree = "<group>"; };
		399C3CAD216681BF00237FC4 /* ConversationTableViewCell.swift */ = {isa = PBXFileReference; lastKnownFileType = sourcecode.swift; path = ConversationTableViewCell.swift; sourceTree = "<group>"; };
		399C3CB121668AB400237FC4 /* ConversationCellConfiguration.swift */ = {isa = PBXFileReference; lastKnownFileType = sourcecode.swift; path = ConversationCellConfiguration.swift; sourceTree = "<group>"; };
		399C3CBA21673FCD00237FC4 /* MessageCellConfiguration.swift */ = {isa = PBXFileReference; lastKnownFileType = sourcecode.swift; path = MessageCellConfiguration.swift; sourceTree = "<group>"; };
		39B4E556217238D500772481 /* ThemesViewController.swift */ = {isa = PBXFileReference; lastKnownFileType = sourcecode.swift; path = ThemesViewController.swift; sourceTree = "<group>"; };
		39B81FA7218A1E7F0065C997 /* CoreDataStack.swift */ = {isa = PBXFileReference; lastKnownFileType = sourcecode.swift; path = CoreDataStack.swift; sourceTree = "<group>"; };
		39B81FAA218A1EF00065C997 /* ProfileModel.xcdatamodel */ = {isa = PBXFileReference; lastKnownFileType = wrapper.xcdatamodel; path = ProfileModel.xcdatamodel; sourceTree = "<group>"; };
		39CD89A72153E29F00D7A2BA /* TinkoffChat.app */ = {isa = PBXFileReference; explicitFileType = wrapper.application; includeInIndex = 0; path = TinkoffChat.app; sourceTree = BUILT_PRODUCTS_DIR; };
		39CD89AA2153E29F00D7A2BA /* AppDelegate.swift */ = {isa = PBXFileReference; lastKnownFileType = sourcecode.swift; path = AppDelegate.swift; sourceTree = "<group>"; };
		39CD89AC2153E29F00D7A2BA /* ProfileViewController.swift */ = {isa = PBXFileReference; lastKnownFileType = sourcecode.swift; path = ProfileViewController.swift; sourceTree = "<group>"; };
		39CD89AF2153E29F00D7A2BA /* Base */ = {isa = PBXFileReference; lastKnownFileType = file.storyboard; name = Base; path = Base.lproj/Main.storyboard; sourceTree = "<group>"; };
		39CD89B12153E2A000D7A2BA /* Assets.xcassets */ = {isa = PBXFileReference; lastKnownFileType = folder.assetcatalog; path = Assets.xcassets; sourceTree = "<group>"; };
		39CD89B42153E2A000D7A2BA /* Base */ = {isa = PBXFileReference; lastKnownFileType = file.storyboard; name = Base; path = Base.lproj/LaunchScreen.storyboard; sourceTree = "<group>"; };
		39CD89B62153E2A000D7A2BA /* Info.plist */ = {isa = PBXFileReference; lastKnownFileType = text.plist.xml; path = Info.plist; sourceTree = "<group>"; };
		39CD89EA2154E7EE00D7A2BA /* .gitignore */ = {isa = PBXFileReference; lastKnownFileType = text; path = .gitignore; sourceTree = "<group>"; };
		39CD89F421554BB600D7A2BA /* CustomStringConvertible.swift */ = {isa = PBXFileReference; lastKnownFileType = sourcecode.swift; path = CustomStringConvertible.swift; sourceTree = "<group>"; };
		39CD89FB2156495900D7A2BA /* Logger.swift */ = {isa = PBXFileReference; lastKnownFileType = sourcecode.swift; path = Logger.swift; sourceTree = "<group>"; };
		39DAF666217AFDAC0043394F /* GCDDataManager.swift */ = {isa = PBXFileReference; lastKnownFileType = sourcecode.swift; path = GCDDataManager.swift; sourceTree = "<group>"; };
		39DAF668217B08610043394F /* Profile.swift */ = {isa = PBXFileReference; lastKnownFileType = sourcecode.swift; path = Profile.swift; sourceTree = "<group>"; };
		39DAF66A217B0DF30043394F /* DataManager.swift */ = {isa = PBXFileReference; lastKnownFileType = sourcecode.swift; path = DataManager.swift; sourceTree = "<group>"; };
		39DAF66C217B77D60043394F /* OperationDataManager.swift */ = {isa = PBXFileReference; lastKnownFileType = sourcecode.swift; path = OperationDataManager.swift; sourceTree = "<group>"; };
		39DDEB72215D36880028EC77 /* ImagePickerDelegate.swift */ = {isa = PBXFileReference; lastKnownFileType = sourcecode.swift; path = ImagePickerDelegate.swift; sourceTree = "<group>"; };
		39DDEB75215D431A0028EC77 /* ru */ = {isa = PBXFileReference; lastKnownFileType = text.plist.strings; name = ru; path = ru.lproj/Main.strings; sourceTree = "<group>"; };
		39DDEB76215D431A0028EC77 /* ru */ = {isa = PBXFileReference; lastKnownFileType = text.plist.strings; name = ru; path = ru.lproj/LaunchScreen.strings; sourceTree = "<group>"; };
		524AEC7FCFA061D270AA262B /* Pods-TinkoffChat.release.xcconfig */ = {isa = PBXFileReference; includeInIndex = 1; lastKnownFileType = text.xcconfig; name = "Pods-TinkoffChat.release.xcconfig"; path = "Pods/Target Support Files/Pods-TinkoffChat/Pods-TinkoffChat.release.xcconfig"; sourceTree = "<group>"; };
		55E31FD4E45E95E1CBDE85C3 /* Pods_TinkoffChat.framework */ = {isa = PBXFileReference; explicitFileType = wrapper.framework; includeInIndex = 0; path = Pods_TinkoffChat.framework; sourceTree = BUILT_PRODUCTS_DIR; };
		CF8EDC04F0862DBBCDEA84A9 /* Pods-TinkoffChat.debug.xcconfig */ = {isa = PBXFileReference; includeInIndex = 1; lastKnownFileType = text.xcconfig; name = "Pods-TinkoffChat.debug.xcconfig"; path = "Pods/Target Support Files/Pods-TinkoffChat/Pods-TinkoffChat.debug.xcconfig"; sourceTree = "<group>"; };
/* End PBXFileReference section */

/* Begin PBXFrameworksBuildPhase section */
		39CD89A42153E29F00D7A2BA /* Frameworks */ = {
			isa = PBXFrameworksBuildPhase;
			buildActionMask = 2147483647;
			files = (
				74883FC520E0CD4E4DD964EC /* Pods_TinkoffChat.framework in Frameworks */,
			);
			runOnlyForDeploymentPostprocessing = 0;
		};
/* End PBXFrameworksBuildPhase section */

/* Begin PBXGroup section */
		19A2C8CBF7D09CCF3AF7BBA9 /* Pods */ = {
			isa = PBXGroup;
			children = (
				CF8EDC04F0862DBBCDEA84A9 /* Pods-TinkoffChat.debug.xcconfig */,
				524AEC7FCFA061D270AA262B /* Pods-TinkoffChat.release.xcconfig */,
			);
			name = Pods;
			sourceTree = "<group>";
		};
		3908C40A216A782000DE2F1C /* extension */ = {
			isa = PBXGroup;
			children = (
				398A8F302167D94F00FB7EF1 /* Conversation TableView.swift */,
				3959B34C21845EC200CDC3FD /* Conversation ComInt.swift */,
				396AD9182195DE4D00012B84 /* ConversationVC+FetchedResultCD.swift */,
			);
			path = extension;
			sourceTree = "<group>";
		};
		3954D8482182F981006E8AE3 /* Communication Models */ = {
			isa = PBXGroup;
			children = (
				3954D8492182F992006E8AE3 /* Protocols */,
				3954D84A2182F99D006E8AE3 /* MultipeerCommunicator */,
				3954D84D218319B0006E8AE3 /* CommunicatonManager.swift */,
			);
			path = "Communication Models";
			sourceTree = "<group>";
		};
		3954D8492182F992006E8AE3 /* Protocols */ = {
			isa = PBXGroup;
			children = (
				3954D84221824C8D006E8AE3 /* Communicator.swift */,
				3954D85121834B4D006E8AE3 /* CommunicationIntegrator.swift */,
				3954D84421824CA5006E8AE3 /* CommunicatorDelegate.swift */,
			);
			path = Protocols;
			sourceTree = "<group>";
		};
		3954D84A2182F99D006E8AE3 /* MultipeerCommunicator */ = {
			isa = PBXGroup;
			children = (
				3954D84621824F7E006E8AE3 /* MultipeerCommunicator.swift */,
				3954D84B2182F9B6006E8AE3 /* MC extensions.swift */,
			);
			path = MultipeerCommunicator;
			sourceTree = "<group>";
		};
		3959B34E218462BE00CDC3FD /* DataManagers */ = {
			isa = PBXGroup;
			children = (
				39DAF666217AFDAC0043394F /* GCDDataManager.swift */,
				39DAF66A217B0DF30043394F /* DataManager.swift */,
				39DAF66C217B77D60043394F /* OperationDataManager.swift */,
			);
			path = DataManagers;
			sourceTree = "<group>";
		};
		397DAD88218CB11500E03925 /* CoreData models */ = {
			isa = PBXGroup;
			children = (
				39B81FA7218A1E7F0065C997 /* CoreDataStack.swift */,
				397DAD86218CA95000E03925 /* StorageManager.swift */,
				39B81FA9218A1EF00065C997 /* DataModel.xcdatamodeld */,
				397DAD89218CB15100E03925 /* AppUser.swift */,
				396AD90E21949F3100012B84 /* FetchRequestManager.swift */,
				396AD910219571BF00012B84 /* Conversation.swift */,
				396AD914219590A000012B84 /* Message.swift */,
				396AD91621959F4A00012B84 /* User.swift */,
			);
			path = "CoreData models";
			sourceTree = "<group>";
		};
		398A8F2D2167BD0500FB7EF1 /* ConversationViewController */ = {
			isa = PBXGroup;
			children = (
				398A8F2B2167B9E700FB7EF1 /* ConversationViewController.swift */,
				398A8F2E2167CF4100FB7EF1 /* MessageTableViewCell.swift */,
				3908C40A216A782000DE2F1C /* extension */,
			);
			path = ConversationViewController;
			sourceTree = "<group>";
		};
		399C3CAF2166895700237FC4 /* Model */ = {
			isa = PBXGroup;
			children = (
				39CD89FB2156495900D7A2BA /* Logger.swift */,
				399C3CB02166898E00237FC4 /* Conversation */,
				397DAD88218CB11500E03925 /* CoreData models */,
				3959B34E218462BE00CDC3FD /* DataManagers */,
				39DAF668217B08610043394F /* Profile.swift */,
				3954D8482182F981006E8AE3 /* Communication Models */,
			);
			path = Model;
			sourceTree = "<group>";
		};
		399C3CB02166898E00237FC4 /* Conversation */ = {
			isa = PBXGroup;
			children = (
				399C3CB121668AB400237FC4 /* ConversationCellConfiguration.swift */,
				399C3CBA21673FCD00237FC4 /* MessageCellConfiguration.swift */,
			);
			path = Conversation;
			sourceTree = "<group>";
		};
		399C3CB321668B7600237FC4 /* ConversationTableViewCell */ = {
			isa = PBXGroup;
			children = (
				399C3CAD216681BF00237FC4 /* ConversationTableViewCell.swift */,
			);
			path = ConversationTableViewCell;
			sourceTree = "<group>";
		};
		399C3CB821673E2800237FC4 /* ConversationListViewController */ = {
			isa = PBXGroup;
			children = (
				399C3CA92166291D00237FC4 /* ConversationListViewController.swift */,
				399C3CB921673E5800237FC4 /* extensions */,
				399C3CB321668B7600237FC4 /* ConversationTableViewCell */,
			);
			path = ConversationListViewController;
			sourceTree = "<group>";
		};
		399C3CB921673E5800237FC4 /* extensions */ = {
			isa = PBXGroup;
			children = (
				399C3CAB2166805000237FC4 /* ConversationList TableView.swift */,
				39044E1C216FC49500B89573 /* ThemesVC delegate.swift */,
				396AD912219579E300012B84 /* ConversationListVC+NSFetchResultsCD.swift */,
			);
			path = extensions;
			sourceTree = "<group>";
		};
		39B4E558217238FC00772481 /* Themes */ = {
			isa = PBXGroup;
			children = (
				39044E1E21713F5300B89573 /* Themes.m */,
				39044E1A216FB68600B89573 /* Themes.h */,
			);
			path = Themes;
			sourceTree = "<group>";
		};
		39B4E569217328E900772481 /* ThemesViewController */ = {
			isa = PBXGroup;
			children = (
				39044E1B216FB82800B89573 /* ThemesViewControllerDelegate.h */,
				39B4E556217238D500772481 /* ThemesViewController.swift */,
				39044E15216FB52500B89573 /* ThemesViewController.h */,
				39044E16216FB52500B89573 /* ThemesViewController.m */,
			);
			path = ThemesViewController;
			sourceTree = "<group>";
		};
		39CD899E2153E29F00D7A2BA = {
			isa = PBXGroup;
			children = (
				39CD89EA2154E7EE00D7A2BA /* .gitignore */,
				39CD89A92153E29F00D7A2BA /* TinkoffChat */,
				39CD89A82153E29F00D7A2BA /* Products */,
				19A2C8CBF7D09CCF3AF7BBA9 /* Pods */,
				D64585AC2F710E8C3BDA9EED /* Frameworks */,
			);
			sourceTree = "<group>";
		};
		39CD89A82153E29F00D7A2BA /* Products */ = {
			isa = PBXGroup;
			children = (
				39CD89A72153E29F00D7A2BA /* TinkoffChat.app */,
			);
			name = Products;
			sourceTree = "<group>";
		};
		39CD89A92153E29F00D7A2BA /* TinkoffChat */ = {
			isa = PBXGroup;
			children = (
				39CD89AA2153E29F00D7A2BA /* AppDelegate.swift */,
				39DDEB71215D35F00028EC77 /* ProfileViewController */,
				39CD89AE2153E29F00D7A2BA /* Main.storyboard */,
				39CD89B12153E2A000D7A2BA /* Assets.xcassets */,
				39CD89B32153E2A000D7A2BA /* LaunchScreen.storyboard */,
				39CD89B62153E2A000D7A2BA /* Info.plist */,
				39CD89F621554BBC00D7A2BA /* UIApplicationState extensions */,
				399C3CAF2166895700237FC4 /* Model */,
				39B4E558217238FC00772481 /* Themes */,
				399C3CB821673E2800237FC4 /* ConversationListViewController */,
				398A8F2D2167BD0500FB7EF1 /* ConversationViewController */,
				39B4E569217328E900772481 /* ThemesViewController */,
				39044E14216FB52500B89573 /* TinkoffChat-Bridging-Header.h */,
			);
			path = TinkoffChat;
			sourceTree = "<group>";
		};
		39CD89F621554BBC00D7A2BA /* UIApplicationState extensions */ = {
			isa = PBXGroup;
			children = (
				39CD89F421554BB600D7A2BA /* CustomStringConvertible.swift */,
			);
			path = "UIApplicationState extensions";
			sourceTree = "<group>";
		};
		39DDEB71215D35F00028EC77 /* ProfileViewController */ = {
			isa = PBXGroup;
			children = (
				39CD89AC2153E29F00D7A2BA /* ProfileViewController.swift */,
				39DDEB74215D38600028EC77 /* extensions */,
			);
			path = ProfileViewController;
			sourceTree = "<group>";
		};
		39DDEB74215D38600028EC77 /* extensions */ = {
			isa = PBXGroup;
			children = (
				39DDEB72215D36880028EC77 /* ImagePickerDelegate.swift */,
			);
			path = extensions;
			sourceTree = "<group>";
		};
		D64585AC2F710E8C3BDA9EED /* Frameworks */ = {
			isa = PBXGroup;
			children = (
				55E31FD4E45E95E1CBDE85C3 /* Pods_TinkoffChat.framework */,
			);
			name = Frameworks;
			sourceTree = "<group>";
		};
/* End PBXGroup section */

/* Begin PBXNativeTarget section */
		39CD89A62153E29F00D7A2BA /* TinkoffChat */ = {
			isa = PBXNativeTarget;
			buildConfigurationList = 39CD89B92153E2A000D7A2BA /* Build configuration list for PBXNativeTarget "TinkoffChat" */;
			buildPhases = (
				38B69E906E39310A59A5721E /* [CP] Check Pods Manifest.lock */,
				39CD89A32153E29F00D7A2BA /* Sources */,
				39CD89A42153E29F00D7A2BA /* Frameworks */,
				39CD89A52153E29F00D7A2BA /* Resources */,
				601BEA5935DA26F0843EBE1D /* [CP] Embed Pods Frameworks */,
				F7358D8EC8E78BED634D5A90 /* [CP] Copy Pods Resources */,
				39203A052198347400B681FB /* ShellScript */,
			);
			buildRules = (
			);
			dependencies = (
			);
			name = TinkoffChat;
			productName = TinkoffChat;
			productReference = 39CD89A72153E29F00D7A2BA /* TinkoffChat.app */;
			productType = "com.apple.product-type.application";
		};
/* End PBXNativeTarget section */

/* Begin PBXProject section */
		39CD899F2153E29F00D7A2BA /* Project object */ = {
			isa = PBXProject;
			attributes = {
				LastSwiftUpdateCheck = 0940;
				LastUpgradeCheck = 0940;
				ORGANIZATIONNAME = "Тимур";
				TargetAttributes = {
					39CD89A62153E29F00D7A2BA = {
						CreatedOnToolsVersion = 9.4.1;
						LastSwiftMigration = 1000;
					};
				};
			};
			buildConfigurationList = 39CD89A22153E29F00D7A2BA /* Build configuration list for PBXProject "TinkoffChat" */;
			compatibilityVersion = "Xcode 9.3";
			developmentRegion = en;
			hasScannedForEncodings = 0;
			knownRegions = (
				en,
				Base,
			);
			mainGroup = 39CD899E2153E29F00D7A2BA;
			productRefGroup = 39CD89A82153E29F00D7A2BA /* Products */;
			projectDirPath = "";
			projectRoot = "";
			targets = (
				39CD89A62153E29F00D7A2BA /* TinkoffChat */,
			);
		};
/* End PBXProject section */

/* Begin PBXResourcesBuildPhase section */
		39CD89A52153E29F00D7A2BA /* Resources */ = {
			isa = PBXResourcesBuildPhase;
			buildActionMask = 2147483647;
			files = (
				39CD89EB2154E7EE00D7A2BA /* .gitignore in Resources */,
				39CD89B52153E2A000D7A2BA /* LaunchScreen.storyboard in Resources */,
				39CD89B22153E2A000D7A2BA /* Assets.xcassets in Resources */,
				39CD89B02153E29F00D7A2BA /* Main.storyboard in Resources */,
			);
			runOnlyForDeploymentPostprocessing = 0;
		};
/* End PBXResourcesBuildPhase section */

/* Begin PBXShellScriptBuildPhase section */
		38B69E906E39310A59A5721E /* [CP] Check Pods Manifest.lock */ = {
			isa = PBXShellScriptBuildPhase;
			buildActionMask = 2147483647;
			files = (
			);
			inputPaths = (
				"${PODS_PODFILE_DIR_PATH}/Podfile.lock",
				"${PODS_ROOT}/Manifest.lock",
			);
			name = "[CP] Check Pods Manifest.lock";
			outputPaths = (
				"$(DERIVED_FILE_DIR)/Pods-TinkoffChat-checkManifestLockResult.txt",
			);
			runOnlyForDeploymentPostprocessing = 0;
			shellPath = /bin/sh;
			shellScript = "diff \"${PODS_PODFILE_DIR_PATH}/Podfile.lock\" \"${PODS_ROOT}/Manifest.lock\" > /dev/null\nif [ $? != 0 ] ; then\n    # print error to STDERR\n    echo \"error: The sandbox is not in sync with the Podfile.lock. Run 'pod install' or update your CocoaPods installation.\" >&2\n    exit 1\nfi\n# This output is used by Xcode 'outputs' to avoid re-running this script phase.\necho \"SUCCESS\" > \"${SCRIPT_OUTPUT_FILE_0}\"\n";
			showEnvVarsInLog = 0;
		};
		39203A052198347400B681FB /* ShellScript */ = {
			isa = PBXShellScriptBuildPhase;
			buildActionMask = 2147483647;
			files = (
			);
			inputFileListPaths = (
			);
			inputPaths = (
			);
			outputFileListPaths = (
			);
			outputPaths = (
			);
			runOnlyForDeploymentPostprocessing = 0;
			shellPath = /bin/sh;
			shellScript = "\"${PODS_ROOT}/SwiftLint/swiftlint\"\n";
		};
		601BEA5935DA26F0843EBE1D /* [CP] Embed Pods Frameworks */ = {
			isa = PBXShellScriptBuildPhase;
			buildActionMask = 2147483647;
			files = (
			);
			inputPaths = (
			);
			name = "[CP] Embed Pods Frameworks";
			outputPaths = (
			);
			runOnlyForDeploymentPostprocessing = 0;
			shellPath = /bin/sh;
			shellScript = "\"${SRCROOT}/Pods/Target Support Files/Pods-TinkoffChat/Pods-TinkoffChat-frameworks.sh\"\n";
			showEnvVarsInLog = 0;
		};
		F7358D8EC8E78BED634D5A90 /* [CP] Copy Pods Resources */ = {
			isa = PBXShellScriptBuildPhase;
			buildActionMask = 2147483647;
			files = (
			);
			inputPaths = (
			);
			name = "[CP] Copy Pods Resources";
			outputPaths = (
			);
			runOnlyForDeploymentPostprocessing = 0;
			shellPath = /bin/sh;
			shellScript = "\"${SRCROOT}/Pods/Target Support Files/Pods-TinkoffChat/Pods-TinkoffChat-resources.sh\"\n";
			showEnvVarsInLog = 0;
		};
/* End PBXShellScriptBuildPhase section */

/* Begin PBXSourcesBuildPhase section */
		39CD89A32153E29F00D7A2BA /* Sources */ = {
			isa = PBXSourcesBuildPhase;
			buildActionMask = 2147483647;
			files = (
				3954D84321824C8D006E8AE3 /* Communicator.swift in Sources */,
				39B81FAB218A1EF00065C997 /* DataModel.xcdatamodeld in Sources */,
				39CD89F521554BB600D7A2BA /* CustomStringConvertible.swift in Sources */,
				398A8F2C2167B9E700FB7EF1 /* ConversationViewController.swift in Sources */,
				399C3CAC2166805000237FC4 /* ConversationList TableView.swift in Sources */,
				399C3CB221668AB400237FC4 /* ConversationCellConfiguration.swift in Sources */,
				396AD9192195DE4D00012B84 /* ConversationVC+FetchedResultCD.swift in Sources */,
				39044E1F21713F5300B89573 /* Themes.m in Sources */,
				397DAD8A218CB15100E03925 /* AppUser.swift in Sources */,
				39DAF667217AFDAC0043394F /* GCDDataManager.swift in Sources */,
				39DAF66B217B0DF30043394F /* DataManager.swift in Sources */,
				3959B34D21845EC200CDC3FD /* Conversation ComInt.swift in Sources */,
				399C3CBB21673FCD00237FC4 /* MessageCellConfiguration.swift in Sources */,
				39CD89AD2153E29F00D7A2BA /* ProfileViewController.swift in Sources */,
				398A8F2F2167CF4100FB7EF1 /* MessageTableViewCell.swift in Sources */,
				399C3CAA2166291D00237FC4 /* ConversationListViewController.swift in Sources */,
				39CD89AB2153E29F00D7A2BA /* AppDelegate.swift in Sources */,
				3954D84C2182F9B6006E8AE3 /* MC extensions.swift in Sources */,
				3954D85221834B4D006E8AE3 /* CommunicationIntegrator.swift in Sources */,
				3954D84721824F7E006E8AE3 /* MultipeerCommunicator.swift in Sources */,
				39CD89FC2156495900D7A2BA /* Logger.swift in Sources */,
				396AD915219590A000012B84 /* Message.swift in Sources */,
				39044E1D216FC49500B89573 /* ThemesVC delegate.swift in Sources */,
				396AD91721959F4A00012B84 /* User.swift in Sources */,
				39B4E56E21735C8000772481 /* ThemesViewController.m in Sources */,
				397DAD87218CA95000E03925 /* StorageManager.swift in Sources */,
				396AD913219579E300012B84 /* ConversationListVC+NSFetchResultsCD.swift in Sources */,
				39DDEB73215D36880028EC77 /* ImagePickerDelegate.swift in Sources */,
				396AD90F21949F3100012B84 /* FetchRequestManager.swift in Sources */,
				39DAF66D217B77D60043394F /* OperationDataManager.swift in Sources */,
				396AD911219571BF00012B84 /* Conversation.swift in Sources */,
				39DAF669217B08610043394F /* Profile.swift in Sources */,
				3954D84E218319B0006E8AE3 /* CommunicatonManager.swift in Sources */,
				3954D84521824CA5006E8AE3 /* CommunicatorDelegate.swift in Sources */,
				398A8F312167D94F00FB7EF1 /* Conversation TableView.swift in Sources */,
				399C3CAE216681BF00237FC4 /* ConversationTableViewCell.swift in Sources */,
				39B81FA8218A1E7F0065C997 /* CoreDataStack.swift in Sources */,
			);
			runOnlyForDeploymentPostprocessing = 0;
		};
/* End PBXSourcesBuildPhase section */

/* Begin PBXVariantGroup section */
		39CD89AE2153E29F00D7A2BA /* Main.storyboard */ = {
			isa = PBXVariantGroup;
			children = (
				39CD89AF2153E29F00D7A2BA /* Base */,
				39DDEB75215D431A0028EC77 /* ru */,
			);
			name = Main.storyboard;
			sourceTree = "<group>";
		};
		39CD89B32153E2A000D7A2BA /* LaunchScreen.storyboard */ = {
			isa = PBXVariantGroup;
			children = (
				39CD89B42153E2A000D7A2BA /* Base */,
				39DDEB76215D431A0028EC77 /* ru */,
			);
			name = LaunchScreen.storyboard;
			sourceTree = "<group>";
		};
/* End PBXVariantGroup section */

/* Begin XCBuildConfiguration section */
		39CD89B72153E2A000D7A2BA /* Debug */ = {
			isa = XCBuildConfiguration;
			buildSettings = {
				ALWAYS_SEARCH_USER_PATHS = NO;
				CLANG_ANALYZER_LOCALIZABILITY_NONLOCALIZED = YES;
				CLANG_ANALYZER_NONNULL = YES;
				CLANG_ANALYZER_NUMBER_OBJECT_CONVERSION = YES_AGGRESSIVE;
				CLANG_CXX_LANGUAGE_STANDARD = "gnu++14";
				CLANG_CXX_LIBRARY = "libc++";
				CLANG_ENABLE_MODULES = YES;
				CLANG_ENABLE_OBJC_ARC = NO;
				CLANG_ENABLE_OBJC_WEAK = YES;
				CLANG_WARN_BLOCK_CAPTURE_AUTORELEASING = YES;
				CLANG_WARN_BOOL_CONVERSION = YES;
				CLANG_WARN_COMMA = YES;
				CLANG_WARN_CONSTANT_CONVERSION = YES;
				CLANG_WARN_DEPRECATED_OBJC_IMPLEMENTATIONS = YES;
				CLANG_WARN_DIRECT_OBJC_ISA_USAGE = YES_ERROR;
				CLANG_WARN_DOCUMENTATION_COMMENTS = YES;
				CLANG_WARN_EMPTY_BODY = YES;
				CLANG_WARN_ENUM_CONVERSION = YES;
				CLANG_WARN_INFINITE_RECURSION = YES;
				CLANG_WARN_INT_CONVERSION = YES;
				CLANG_WARN_NON_LITERAL_NULL_CONVERSION = YES;
				CLANG_WARN_OBJC_IMPLICIT_RETAIN_SELF = YES;
				CLANG_WARN_OBJC_LITERAL_CONVERSION = YES;
				CLANG_WARN_OBJC_ROOT_CLASS = YES_ERROR;
				CLANG_WARN_RANGE_LOOP_ANALYSIS = YES;
				CLANG_WARN_STRICT_PROTOTYPES = YES;
				CLANG_WARN_SUSPICIOUS_MOVE = YES;
				CLANG_WARN_UNGUARDED_AVAILABILITY = YES_AGGRESSIVE;
				CLANG_WARN_UNREACHABLE_CODE = YES;
				CLANG_WARN__DUPLICATE_METHOD_MATCH = YES;
				CODE_SIGN_IDENTITY = "iPhone Developer";
				COPY_PHASE_STRIP = NO;
				DEBUG_INFORMATION_FORMAT = dwarf;
				ENABLE_STRICT_OBJC_MSGSEND = YES;
				ENABLE_TESTABILITY = YES;
				GCC_C_LANGUAGE_STANDARD = gnu11;
				GCC_DYNAMIC_NO_PIC = NO;
				GCC_NO_COMMON_BLOCKS = YES;
				GCC_OPTIMIZATION_LEVEL = 0;
				GCC_PREPROCESSOR_DEFINITIONS = (
					"DEBUG=1",
					"$(inherited)",
				);
				GCC_WARN_64_TO_32_BIT_CONVERSION = YES;
				GCC_WARN_ABOUT_RETURN_TYPE = YES_ERROR;
				GCC_WARN_UNDECLARED_SELECTOR = YES;
				GCC_WARN_UNINITIALIZED_AUTOS = YES_AGGRESSIVE;
				GCC_WARN_UNUSED_FUNCTION = YES;
				GCC_WARN_UNUSED_VARIABLE = YES;
				IPHONEOS_DEPLOYMENT_TARGET = 12.0;
				MTL_ENABLE_DEBUG_INFO = YES;
				ONLY_ACTIVE_ARCH = YES;
				SDKROOT = iphoneos;
				SWIFT_ACTIVE_COMPILATION_CONDITIONS = DEBUG;
				SWIFT_OPTIMIZATION_LEVEL = "-Onone";
			};
			name = Debug;
		};
		39CD89B82153E2A000D7A2BA /* Release */ = {
			isa = XCBuildConfiguration;
			buildSettings = {
				ALWAYS_SEARCH_USER_PATHS = NO;
				CLANG_ANALYZER_LOCALIZABILITY_NONLOCALIZED = YES;
				CLANG_ANALYZER_NONNULL = YES;
				CLANG_ANALYZER_NUMBER_OBJECT_CONVERSION = YES_AGGRESSIVE;
				CLANG_CXX_LANGUAGE_STANDARD = "gnu++14";
				CLANG_CXX_LIBRARY = "libc++";
				CLANG_ENABLE_MODULES = YES;
				CLANG_ENABLE_OBJC_ARC = NO;
				CLANG_ENABLE_OBJC_WEAK = YES;
				CLANG_WARN_BLOCK_CAPTURE_AUTORELEASING = YES;
				CLANG_WARN_BOOL_CONVERSION = YES;
				CLANG_WARN_COMMA = YES;
				CLANG_WARN_CONSTANT_CONVERSION = YES;
				CLANG_WARN_DEPRECATED_OBJC_IMPLEMENTATIONS = YES;
				CLANG_WARN_DIRECT_OBJC_ISA_USAGE = YES_ERROR;
				CLANG_WARN_DOCUMENTATION_COMMENTS = YES;
				CLANG_WARN_EMPTY_BODY = YES;
				CLANG_WARN_ENUM_CONVERSION = YES;
				CLANG_WARN_INFINITE_RECURSION = YES;
				CLANG_WARN_INT_CONVERSION = YES;
				CLANG_WARN_NON_LITERAL_NULL_CONVERSION = YES;
				CLANG_WARN_OBJC_IMPLICIT_RETAIN_SELF = YES;
				CLANG_WARN_OBJC_LITERAL_CONVERSION = YES;
				CLANG_WARN_OBJC_ROOT_CLASS = YES_ERROR;
				CLANG_WARN_RANGE_LOOP_ANALYSIS = YES;
				CLANG_WARN_STRICT_PROTOTYPES = YES;
				CLANG_WARN_SUSPICIOUS_MOVE = YES;
				CLANG_WARN_UNGUARDED_AVAILABILITY = YES_AGGRESSIVE;
				CLANG_WARN_UNREACHABLE_CODE = YES;
				CLANG_WARN__DUPLICATE_METHOD_MATCH = YES;
				CODE_SIGN_IDENTITY = "iPhone Developer";
				COPY_PHASE_STRIP = NO;
				DEBUG_INFORMATION_FORMAT = "dwarf-with-dsym";
				ENABLE_NS_ASSERTIONS = NO;
				ENABLE_STRICT_OBJC_MSGSEND = YES;
				GCC_C_LANGUAGE_STANDARD = gnu11;
				GCC_NO_COMMON_BLOCKS = YES;
				GCC_WARN_64_TO_32_BIT_CONVERSION = YES;
				GCC_WARN_ABOUT_RETURN_TYPE = YES_ERROR;
				GCC_WARN_UNDECLARED_SELECTOR = YES;
				GCC_WARN_UNINITIALIZED_AUTOS = YES_AGGRESSIVE;
				GCC_WARN_UNUSED_FUNCTION = YES;
				GCC_WARN_UNUSED_VARIABLE = YES;
				IPHONEOS_DEPLOYMENT_TARGET = 12.0;
				MTL_ENABLE_DEBUG_INFO = NO;
				ONLY_ACTIVE_ARCH = NO;
				OTHER_SWIFT_FLAGS = "";
				SDKROOT = iphoneos;
				SWIFT_COMPILATION_MODE = wholemodule;
				SWIFT_OPTIMIZATION_LEVEL = "-O";
				VALIDATE_PRODUCT = YES;
			};
			name = Release;
		};
		39CD89BA2153E2A000D7A2BA /* Debug */ = {
			isa = XCBuildConfiguration;
			baseConfigurationReference = CF8EDC04F0862DBBCDEA84A9 /* Pods-TinkoffChat.debug.xcconfig */;
			buildSettings = {
				ASSETCATALOG_COMPILER_APPICON_NAME = AppIcon;
				CLANG_ENABLE_MODULES = YES;
				CODE_SIGN_STYLE = Automatic;
				DEVELOPMENT_TEAM = N7THUBBPH8;
				INFOPLIST_FILE = TinkoffChat/Info.plist;
				IPHONEOS_DEPLOYMENT_TARGET = 12.0;
				LD_RUNPATH_SEARCH_PATHS = (
					"$(inherited)",
					"@executable_path/Frameworks",
				);
				PRODUCT_BUNDLE_IDENTIFIER = com.tssadykov.TinkoffChat;
				PRODUCT_NAME = "$(TARGET_NAME)";
				SWIFT_OBJC_BRIDGING_HEADER = "TinkoffChat/TinkoffChat-Bridging-Header.h";
				SWIFT_OPTIMIZATION_LEVEL = "-Onone";
				SWIFT_VERSION = 4.2;
				TARGETED_DEVICE_FAMILY = 1;
			};
			name = Debug;
		};
		39CD89BB2153E2A000D7A2BA /* Release */ = {
			isa = XCBuildConfiguration;
			baseConfigurationReference = 524AEC7FCFA061D270AA262B /* Pods-TinkoffChat.release.xcconfig */;
			buildSettings = {
				ASSETCATALOG_COMPILER_APPICON_NAME = AppIcon;
				CLANG_ENABLE_MODULES = YES;
				CODE_SIGN_STYLE = Automatic;
				DEVELOPMENT_TEAM = N7THUBBPH8;
				INFOPLIST_FILE = TinkoffChat/Info.plist;
				IPHONEOS_DEPLOYMENT_TARGET = 12.0;
				LD_RUNPATH_SEARCH_PATHS = (
					"$(inherited)",
					"@executable_path/Frameworks",
				);
				PRODUCT_BUNDLE_IDENTIFIER = com.tssadykov.TinkoffChat;
				PRODUCT_NAME = "$(TARGET_NAME)";
				SWIFT_OBJC_BRIDGING_HEADER = "TinkoffChat/TinkoffChat-Bridging-Header.h";
				SWIFT_VERSION = 4.2;
				TARGETED_DEVICE_FAMILY = 1;
			};
			name = Release;
		};
/* End XCBuildConfiguration section */

/* Begin XCConfigurationList section */
		39CD89A22153E29F00D7A2BA /* Build configuration list for PBXProject "TinkoffChat" */ = {
			isa = XCConfigurationList;
			buildConfigurations = (
				39CD89B72153E2A000D7A2BA /* Debug */,
				39CD89B82153E2A000D7A2BA /* Release */,
			);
			defaultConfigurationIsVisible = 0;
			defaultConfigurationName = Debug;
		};
		39CD89B92153E2A000D7A2BA /* Build configuration list for PBXNativeTarget "TinkoffChat" */ = {
			isa = XCConfigurationList;
			buildConfigurations = (
				39CD89BA2153E2A000D7A2BA /* Debug */,
				39CD89BB2153E2A000D7A2BA /* Release */,
			);
			defaultConfigurationIsVisible = 0;
			defaultConfigurationName = Debug;
		};
/* End XCConfigurationList section */

/* Begin XCVersionGroup section */
		39B81FA9218A1EF00065C997 /* DataModel.xcdatamodeld */ = {
			isa = XCVersionGroup;
			children = (
				39B81FAA218A1EF00065C997 /* ProfileModel.xcdatamodel */,
			);
			currentVersion = 39B81FAA218A1EF00065C997 /* ProfileModel.xcdatamodel */;
			path = DataModel.xcdatamodeld;
			sourceTree = "<group>";
			versionGroupType = wrapper.xcdatamodel;
		};
/* End XCVersionGroup section */
	};
	rootObject = 39CD899F2153E29F00D7A2BA /* Project object */;
}
