// !$*UTF8*$!
{
	archiveVersion = 1;
	classes = {
	};
	objectVersion = 50;
	objects = {

/* Begin PBXBuildFile section */
		39044E1D216FC49500B89573 /* ThemesVC delegate.swift in Sources */ = {isa = PBXBuildFile; fileRef = 39044E1C216FC49500B89573 /* ThemesVC delegate.swift */; };
		39044E1F21713F5300B89573 /* Themes.m in Sources */ = {isa = PBXBuildFile; fileRef = 39044E1E21713F5300B89573 /* Themes.m */; };
		39096B0421A1B986001AF5BA /* ConversationInteractor.swift in Sources */ = {isa = PBXBuildFile; fileRef = 39096B0321A1B986001AF5BA /* ConversationInteractor.swift */; };
		39373FA421A1DC4800BE620D /* ProfileInteractor.swift in Sources */ = {isa = PBXBuildFile; fileRef = 39373FA321A1DC4800BE620D /* ProfileInteractor.swift */; };
		3954D84321824C8D006E8AE3 /* Communicator.swift in Sources */ = {isa = PBXBuildFile; fileRef = 3954D84221824C8D006E8AE3 /* Communicator.swift */; };
		3954D84521824CA5006E8AE3 /* ICommunicatorManager.swift in Sources */ = {isa = PBXBuildFile; fileRef = 3954D84421824CA5006E8AE3 /* ICommunicatorManager.swift */; };
		3954D84721824F7E006E8AE3 /* MultipeerCommunicator.swift in Sources */ = {isa = PBXBuildFile; fileRef = 3954D84621824F7E006E8AE3 /* MultipeerCommunicator.swift */; };
		3954D84C2182F9B6006E8AE3 /* MC extensions.swift in Sources */ = {isa = PBXBuildFile; fileRef = 3954D84B2182F9B6006E8AE3 /* MC extensions.swift */; };
		3954D84E218319B0006E8AE3 /* CommunicatonManager.swift in Sources */ = {isa = PBXBuildFile; fileRef = 3954D84D218319B0006E8AE3 /* CommunicatonManager.swift */; };
		3954D85221834B4D006E8AE3 /* CommunicationIntegrator.swift in Sources */ = {isa = PBXBuildFile; fileRef = 3954D85121834B4D006E8AE3 /* CommunicationIntegrator.swift */; };
		396AD911219571BF00012B84 /* Conversation.swift in Sources */ = {isa = PBXBuildFile; fileRef = 396AD910219571BF00012B84 /* Conversation.swift */; };
		396AD913219579E300012B84 /* ConversationListVC+NSFetchResultsCD.swift in Sources */ = {isa = PBXBuildFile; fileRef = 396AD912219579E300012B84 /* ConversationListVC+NSFetchResultsCD.swift */; };
		396AD915219590A000012B84 /* Message.swift in Sources */ = {isa = PBXBuildFile; fileRef = 396AD914219590A000012B84 /* Message.swift */; };
		396AD91721959F4A00012B84 /* User.swift in Sources */ = {isa = PBXBuildFile; fileRef = 396AD91621959F4A00012B84 /* User.swift */; };
		396AD9192195DE4D00012B84 /* ConversationVC+FetchedResultCD.swift in Sources */ = {isa = PBXBuildFile; fileRef = 396AD9182195DE4D00012B84 /* ConversationVC+FetchedResultCD.swift */; };
		397DAD87218CA95000E03925 /* StorageManager.swift in Sources */ = {isa = PBXBuildFile; fileRef = 397DAD86218CA95000E03925 /* StorageManager.swift */; };
		397DAD8A218CB15100E03925 /* AppUser.swift in Sources */ = {isa = PBXBuildFile; fileRef = 397DAD89218CB15100E03925 /* AppUser.swift */; };
		398A8F2C2167B9E700FB7EF1 /* ConversationViewController.swift in Sources */ = {isa = PBXBuildFile; fileRef = 398A8F2B2167B9E700FB7EF1 /* ConversationViewController.swift */; };
		398A8F2F2167CF4100FB7EF1 /* MessageTableViewCell.swift in Sources */ = {isa = PBXBuildFile; fileRef = 398A8F2E2167CF4100FB7EF1 /* MessageTableViewCell.swift */; };
		398A8F312167D94F00FB7EF1 /* Conversation TableView.swift in Sources */ = {isa = PBXBuildFile; fileRef = 398A8F302167D94F00FB7EF1 /* Conversation TableView.swift */; };
		3999A66221A69D1500E9AF45 /* RequestConfig.swift in Sources */ = {isa = PBXBuildFile; fileRef = 3999A66121A69D1500E9AF45 /* RequestConfig.swift */; };
		3999A66521A6ADA800E9AF45 /* RequestSender.swift in Sources */ = {isa = PBXBuildFile; fileRef = 3999A66421A6ADA800E9AF45 /* RequestSender.swift */; };
		3999A66721A6BE8100E9AF45 /* LoaderImageViewController.swift in Sources */ = {isa = PBXBuildFile; fileRef = 3999A66621A6BE8100E9AF45 /* LoaderImageViewController.swift */; };
		3999A66A21A6C05D00E9AF45 /* LoaderImageVC+CollectionViewFlow.swift in Sources */ = {isa = PBXBuildFile; fileRef = 3999A66921A6C05D00E9AF45 /* LoaderImageVC+CollectionViewFlow.swift */; };
		3999A67021A6CDC800E9AF45 /* DownloadImageCollectionViewCell.swift in Sources */ = {isa = PBXBuildFile; fileRef = 3999A66E21A6CDC800E9AF45 /* DownloadImageCollectionViewCell.swift */; };
		3999A67421A6D0AD00E9AF45 /* LoaderImageVC+CVDataSource.swift in Sources */ = {isa = PBXBuildFile; fileRef = 3999A67321A6D0AD00E9AF45 /* LoaderImageVC+CVDataSource.swift */; };
		399C3CAA2166291D00237FC4 /* ConversationListViewController.swift in Sources */ = {isa = PBXBuildFile; fileRef = 399C3CA92166291D00237FC4 /* ConversationListViewController.swift */; };
		399C3CAC2166805000237FC4 /* ConversationList TableView.swift in Sources */ = {isa = PBXBuildFile; fileRef = 399C3CAB2166805000237FC4 /* ConversationList TableView.swift */; };
		399C3CAE216681BF00237FC4 /* ConversationTableViewCell.swift in Sources */ = {isa = PBXBuildFile; fileRef = 399C3CAD216681BF00237FC4 /* ConversationTableViewCell.swift */; };
		399C3CB221668AB400237FC4 /* ConversationCellConfiguration.swift in Sources */ = {isa = PBXBuildFile; fileRef = 399C3CB121668AB400237FC4 /* ConversationCellConfiguration.swift */; };
		399C3CBB21673FCD00237FC4 /* MessageCellConfiguration.swift in Sources */ = {isa = PBXBuildFile; fileRef = 399C3CBA21673FCD00237FC4 /* MessageCellConfiguration.swift */; };
		39B4E56E21735C8000772481 /* ThemesViewController.m in Sources */ = {isa = PBXBuildFile; fileRef = 39044E16216FB52500B89573 /* ThemesViewController.m */; };
		39B81FA8218A1E7F0065C997 /* CoreDataStack.swift in Sources */ = {isa = PBXBuildFile; fileRef = 39B81FA7218A1E7F0065C997 /* CoreDataStack.swift */; };
		39B81FAB218A1EF00065C997 /* DataModel.xcdatamodeld in Sources */ = {isa = PBXBuildFile; fileRef = 39B81FA9218A1EF00065C997 /* DataModel.xcdatamodeld */; };
		39CD89AB2153E29F00D7A2BA /* AppDelegate.swift in Sources */ = {isa = PBXBuildFile; fileRef = 39CD89AA2153E29F00D7A2BA /* AppDelegate.swift */; };
		39CD89AD2153E29F00D7A2BA /* ProfileViewController.swift in Sources */ = {isa = PBXBuildFile; fileRef = 39CD89AC2153E29F00D7A2BA /* ProfileViewController.swift */; };
		39CD89B02153E29F00D7A2BA /* Main.storyboard in Resources */ = {isa = PBXBuildFile; fileRef = 39CD89AE2153E29F00D7A2BA /* Main.storyboard */; };
		39CD89B22153E2A000D7A2BA /* Assets.xcassets in Resources */ = {isa = PBXBuildFile; fileRef = 39CD89B12153E2A000D7A2BA /* Assets.xcassets */; };
		39CD89B52153E2A000D7A2BA /* LaunchScreen.storyboard in Resources */ = {isa = PBXBuildFile; fileRef = 39CD89B32153E2A000D7A2BA /* LaunchScreen.storyboard */; };
		39CD89EB2154E7EE00D7A2BA /* .gitignore in Resources */ = {isa = PBXBuildFile; fileRef = 39CD89EA2154E7EE00D7A2BA /* .gitignore */; };
		39CD89F521554BB600D7A2BA /* CustomStringConvertible.swift in Sources */ = {isa = PBXBuildFile; fileRef = 39CD89F421554BB600D7A2BA /* CustomStringConvertible.swift */; };
		39CD89FC2156495900D7A2BA /* Logger.swift in Sources */ = {isa = PBXBuildFile; fileRef = 39CD89FB2156495900D7A2BA /* Logger.swift */; };
		39DAF667217AFDAC0043394F /* GCDDataManager.swift in Sources */ = {isa = PBXBuildFile; fileRef = 39DAF666217AFDAC0043394F /* GCDDataManager.swift */; };
		39DAF669217B08610043394F /* Profile.swift in Sources */ = {isa = PBXBuildFile; fileRef = 39DAF668217B08610043394F /* Profile.swift */; };
		39DAF66B217B0DF30043394F /* ProfileDataManager.swift in Sources */ = {isa = PBXBuildFile; fileRef = 39DAF66A217B0DF30043394F /* ProfileDataManager.swift */; };
		39DAF66D217B77D60043394F /* OperationDataManager.swift in Sources */ = {isa = PBXBuildFile; fileRef = 39DAF66C217B77D60043394F /* OperationDataManager.swift */; };
		39DDEB73215D36880028EC77 /* ImagePickerDelegate.swift in Sources */ = {isa = PBXBuildFile; fileRef = 39DDEB72215D36880028EC77 /* ImagePickerDelegate.swift */; };
		39E5350221A6D3370075D106 /* LoadImageVC+CVDelegate.swift in Sources */ = {isa = PBXBuildFile; fileRef = 39E5350121A6D3370075D106 /* LoadImageVC+CVDelegate.swift */; };
		39E5350721A70EDE0075D106 /* DownloadImage.swift in Sources */ = {isa = PBXBuildFile; fileRef = 39E5350621A70EDE0075D106 /* DownloadImage.swift */; };
		39E5350A21A714B70075D106 /* LoaderImageInteractor.swift in Sources */ = {isa = PBXBuildFile; fileRef = 39E5350921A714B70075D106 /* LoaderImageInteractor.swift */; };
		39F5A00E21A0307D00FDA03D /* ConversationFetchRequester.swift in Sources */ = {isa = PBXBuildFile; fileRef = 39F5A00D21A0307D00FDA03D /* ConversationFetchRequester.swift */; };
		39F5A01021A0311400FDA03D /* UserFetchRequester.swift in Sources */ = {isa = PBXBuildFile; fileRef = 39F5A00F21A0311400FDA03D /* UserFetchRequester.swift */; };
		39F5A01221A0319400FDA03D /* MessageFetchRequester.swift in Sources */ = {isa = PBXBuildFile; fileRef = 39F5A01121A0319400FDA03D /* MessageFetchRequester.swift */; };
		39F5A01421A1697E00FDA03D /* RootAssembly.swift in Sources */ = {isa = PBXBuildFile; fileRef = 39F5A01321A1697E00FDA03D /* RootAssembly.swift */; };
		39F5A01721A16CC800FDA03D /* ServiceAssembly.swift in Sources */ = {isa = PBXBuildFile; fileRef = 39F5A01621A16CC800FDA03D /* ServiceAssembly.swift */; };
		39F5A01B21A16E2C00FDA03D /* CoreAssembly.swift in Sources */ = {isa = PBXBuildFile; fileRef = 39F5A01A21A16E2C00FDA03D /* CoreAssembly.swift */; };
		39F5A01E21A1793900FDA03D /* ConversationListInteractor.swift in Sources */ = {isa = PBXBuildFile; fileRef = 39F5A01D21A1793900FDA03D /* ConversationListInteractor.swift */; };
		39F5A02021A1832E00FDA03D /* PresentationAssembly.swift in Sources */ = {isa = PBXBuildFile; fileRef = 39F5A01F21A1832E00FDA03D /* PresentationAssembly.swift */; };
		74883FC520E0CD4E4DD964EC /* Pods_TinkoffChat.framework in Frameworks */ = {isa = PBXBuildFile; fileRef = 55E31FD4E45E95E1CBDE85C3 /* Pods_TinkoffChat.framework */; };
/* End PBXBuildFile section */

/* Begin PBXFileReference section */
		39044E14216FB52500B89573 /* TinkoffChat-Bridging-Header.h */ = {isa = PBXFileReference; lastKnownFileType = sourcecode.c.h; path = "TinkoffChat-Bridging-Header.h"; sourceTree = "<group>"; };
		39044E15216FB52500B89573 /* ThemesViewController.h */ = {isa = PBXFileReference; lastKnownFileType = sourcecode.c.h; path = ThemesViewController.h; sourceTree = "<group>"; tabWidth = 4; };
		39044E16216FB52500B89573 /* ThemesViewController.m */ = {isa = PBXFileReference; lastKnownFileType = sourcecode.c.objc; path = ThemesViewController.m; sourceTree = "<group>"; };
		39044E1A216FB68600B89573 /* Themes.h */ = {isa = PBXFileReference; lastKnownFileType = sourcecode.c.h; path = Themes.h; sourceTree = "<group>"; };
		39044E1B216FB82800B89573 /* ThemesViewControllerDelegate.h */ = {isa = PBXFileReference; lastKnownFileType = sourcecode.c.h; path = ThemesViewControllerDelegate.h; sourceTree = "<group>"; };
		39044E1C216FC49500B89573 /* ThemesVC delegate.swift */ = {isa = PBXFileReference; lastKnownFileType = sourcecode.swift; path = "ThemesVC delegate.swift"; sourceTree = "<group>"; };
		39044E1E21713F5300B89573 /* Themes.m */ = {isa = PBXFileReference; lastKnownFileType = sourcecode.c.objc; path = Themes.m; sourceTree = "<group>"; };
		39096B0321A1B986001AF5BA /* ConversationInteractor.swift */ = {isa = PBXFileReference; lastKnownFileType = sourcecode.swift; path = ConversationInteractor.swift; sourceTree = "<group>"; };
		39373FA321A1DC4800BE620D /* ProfileInteractor.swift */ = {isa = PBXFileReference; lastKnownFileType = sourcecode.swift; path = ProfileInteractor.swift; sourceTree = "<group>"; };
		3954D84221824C8D006E8AE3 /* Communicator.swift */ = {isa = PBXFileReference; lastKnownFileType = sourcecode.swift; path = Communicator.swift; sourceTree = "<group>"; };
		3954D84421824CA5006E8AE3 /* ICommunicatorManager.swift */ = {isa = PBXFileReference; lastKnownFileType = sourcecode.swift; path = ICommunicatorManager.swift; sourceTree = "<group>"; };
		3954D84621824F7E006E8AE3 /* MultipeerCommunicator.swift */ = {isa = PBXFileReference; lastKnownFileType = sourcecode.swift; path = MultipeerCommunicator.swift; sourceTree = "<group>"; };
		3954D84B2182F9B6006E8AE3 /* MC extensions.swift */ = {isa = PBXFileReference; lastKnownFileType = sourcecode.swift; path = "MC extensions.swift"; sourceTree = "<group>"; };
		3954D84D218319B0006E8AE3 /* CommunicatonManager.swift */ = {isa = PBXFileReference; lastKnownFileType = sourcecode.swift; path = CommunicatonManager.swift; sourceTree = "<group>"; };
		3954D85121834B4D006E8AE3 /* CommunicationIntegrator.swift */ = {isa = PBXFileReference; lastKnownFileType = sourcecode.swift; path = CommunicationIntegrator.swift; sourceTree = "<group>"; };
		396AD910219571BF00012B84 /* Conversation.swift */ = {isa = PBXFileReference; lastKnownFileType = sourcecode.swift; path = Conversation.swift; sourceTree = "<group>"; };
		396AD912219579E300012B84 /* ConversationListVC+NSFetchResultsCD.swift */ = {isa = PBXFileReference; lastKnownFileType = sourcecode.swift; path = "ConversationListVC+NSFetchResultsCD.swift"; sourceTree = "<group>"; };
		396AD914219590A000012B84 /* Message.swift */ = {isa = PBXFileReference; lastKnownFileType = sourcecode.swift; path = Message.swift; sourceTree = "<group>"; };
		396AD91621959F4A00012B84 /* User.swift */ = {isa = PBXFileReference; lastKnownFileType = sourcecode.swift; path = User.swift; sourceTree = "<group>"; };
		396AD9182195DE4D00012B84 /* ConversationVC+FetchedResultCD.swift */ = {isa = PBXFileReference; lastKnownFileType = sourcecode.swift; path = "ConversationVC+FetchedResultCD.swift"; sourceTree = "<group>"; };
		397DAD86218CA95000E03925 /* StorageManager.swift */ = {isa = PBXFileReference; lastKnownFileType = sourcecode.swift; path = StorageManager.swift; sourceTree = "<group>"; };
		397DAD89218CB15100E03925 /* AppUser.swift */ = {isa = PBXFileReference; lastKnownFileType = sourcecode.swift; path = AppUser.swift; sourceTree = "<group>"; };
		398A8F2B2167B9E700FB7EF1 /* ConversationViewController.swift */ = {isa = PBXFileReference; lastKnownFileType = sourcecode.swift; path = ConversationViewController.swift; sourceTree = "<group>"; };
		398A8F2E2167CF4100FB7EF1 /* MessageTableViewCell.swift */ = {isa = PBXFileReference; lastKnownFileType = sourcecode.swift; path = MessageTableViewCell.swift; sourceTree = "<group>"; };
		398A8F302167D94F00FB7EF1 /* Conversation TableView.swift */ = {isa = PBXFileReference; lastKnownFileType = sourcecode.swift; path = "Conversation TableView.swift"; sourceTree = "<group>"; };
		3999A66121A69D1500E9AF45 /* RequestConfig.swift */ = {isa = PBXFileReference; lastKnownFileType = sourcecode.swift; path = RequestConfig.swift; sourceTree = "<group>"; };
		3999A66421A6ADA800E9AF45 /* RequestSender.swift */ = {isa = PBXFileReference; lastKnownFileType = sourcecode.swift; path = RequestSender.swift; sourceTree = "<group>"; };
		3999A66621A6BE8100E9AF45 /* LoaderImageViewController.swift */ = {isa = PBXFileReference; lastKnownFileType = sourcecode.swift; path = LoaderImageViewController.swift; sourceTree = "<group>"; };
		3999A66921A6C05D00E9AF45 /* LoaderImageVC+CollectionViewFlow.swift */ = {isa = PBXFileReference; lastKnownFileType = sourcecode.swift; path = "LoaderImageVC+CollectionViewFlow.swift"; sourceTree = "<group>"; };
		3999A66E21A6CDC800E9AF45 /* DownloadImageCollectionViewCell.swift */ = {isa = PBXFileReference; lastKnownFileType = sourcecode.swift; path = DownloadImageCollectionViewCell.swift; sourceTree = "<group>"; };
		3999A67321A6D0AD00E9AF45 /* LoaderImageVC+CVDataSource.swift */ = {isa = PBXFileReference; lastKnownFileType = sourcecode.swift; path = "LoaderImageVC+CVDataSource.swift"; sourceTree = "<group>"; };
		399C3CA92166291D00237FC4 /* ConversationListViewController.swift */ = {isa = PBXFileReference; lastKnownFileType = sourcecode.swift; path = ConversationListViewController.swift; sourceTree = "<group>"; };
		399C3CAB2166805000237FC4 /* ConversationList TableView.swift */ = {isa = PBXFileReference; lastKnownFileType = sourcecode.swift; path = "ConversationList TableView.swift"; sourceTree = "<group>"; };
		399C3CAD216681BF00237FC4 /* ConversationTableViewCell.swift */ = {isa = PBXFileReference; lastKnownFileType = sourcecode.swift; path = ConversationTableViewCell.swift; sourceTree = "<group>"; };
		399C3CB121668AB400237FC4 /* ConversationCellConfiguration.swift */ = {isa = PBXFileReference; lastKnownFileType = sourcecode.swift; path = ConversationCellConfiguration.swift; sourceTree = "<group>"; };
		399C3CBA21673FCD00237FC4 /* MessageCellConfiguration.swift */ = {isa = PBXFileReference; lastKnownFileType = sourcecode.swift; path = MessageCellConfiguration.swift; sourceTree = "<group>"; };
		39B4E556217238D500772481 /* ThemesViewController.swift */ = {isa = PBXFileReference; lastKnownFileType = sourcecode.swift; path = ThemesViewController.swift; sourceTree = "<group>"; };
		39B81FA7218A1E7F0065C997 /* CoreDataStack.swift */ = {isa = PBXFileReference; lastKnownFileType = sourcecode.swift; path = CoreDataStack.swift; sourceTree = "<group>"; };
		39B81FAA218A1EF00065C997 /* ProfileModel.xcdatamodel */ = {isa = PBXFileReference; lastKnownFileType = wrapper.xcdatamodel; path = ProfileModel.xcdatamodel; sourceTree = "<group>"; };
		39CD89A72153E29F00D7A2BA /* TinkoffChat.app */ = {isa = PBXFileReference; explicitFileType = wrapper.application; includeInIndex = 0; path = TinkoffChat.app; sourceTree = BUILT_PRODUCTS_DIR; };
		39CD89AA2153E29F00D7A2BA /* AppDelegate.swift */ = {isa = PBXFileReference; lastKnownFileType = sourcecode.swift; path = AppDelegate.swift; sourceTree = "<group>"; };
		39CD89AC2153E29F00D7A2BA /* ProfileViewController.swift */ = {isa = PBXFileReference; lastKnownFileType = sourcecode.swift; path = ProfileViewController.swift; sourceTree = "<group>"; };
		39CD89AF2153E29F00D7A2BA /* Base */ = {isa = PBXFileReference; lastKnownFileType = file.storyboard; name = Base; path = Base.lproj/Main.storyboard; sourceTree = "<group>"; };
		39CD89B12153E2A000D7A2BA /* Assets.xcassets */ = {isa = PBXFileReference; lastKnownFileType = folder.assetcatalog; path = Assets.xcassets; sourceTree = "<group>"; };
		39CD89B42153E2A000D7A2BA /* Base */ = {isa = PBXFileReference; lastKnownFileType = file.storyboard; name = Base; path = Base.lproj/LaunchScreen.storyboard; sourceTree = "<group>"; };
		39CD89B62153E2A000D7A2BA /* Info.plist */ = {isa = PBXFileReference; lastKnownFileType = text.plist.xml; path = Info.plist; sourceTree = "<group>"; };
		39CD89EA2154E7EE00D7A2BA /* .gitignore */ = {isa = PBXFileReference; lastKnownFileType = text; path = .gitignore; sourceTree = "<group>"; };
		39CD89F421554BB600D7A2BA /* CustomStringConvertible.swift */ = {isa = PBXFileReference; lastKnownFileType = sourcecode.swift; path = CustomStringConvertible.swift; sourceTree = "<group>"; };
		39CD89FB2156495900D7A2BA /* Logger.swift */ = {isa = PBXFileReference; lastKnownFileType = sourcecode.swift; path = Logger.swift; sourceTree = "<group>"; };
		39DAF666217AFDAC0043394F /* GCDDataManager.swift */ = {isa = PBXFileReference; lastKnownFileType = sourcecode.swift; path = GCDDataManager.swift; sourceTree = "<group>"; };
		39DAF668217B08610043394F /* Profile.swift */ = {isa = PBXFileReference; lastKnownFileType = sourcecode.swift; path = Profile.swift; sourceTree = "<group>"; };
		39DAF66A217B0DF30043394F /* ProfileDataManager.swift */ = {isa = PBXFileReference; lastKnownFileType = sourcecode.swift; path = ProfileDataManager.swift; sourceTree = "<group>"; };
		39DAF66C217B77D60043394F /* OperationDataManager.swift */ = {isa = PBXFileReference; lastKnownFileType = sourcecode.swift; path = OperationDataManager.swift; sourceTree = "<group>"; };
		39DDEB72215D36880028EC77 /* ImagePickerDelegate.swift */ = {isa = PBXFileReference; lastKnownFileType = sourcecode.swift; path = ImagePickerDelegate.swift; sourceTree = "<group>"; };
		39DDEB75215D431A0028EC77 /* ru */ = {isa = PBXFileReference; lastKnownFileType = text.plist.strings; name = ru; path = ru.lproj/Main.strings; sourceTree = "<group>"; };
		39DDEB76215D431A0028EC77 /* ru */ = {isa = PBXFileReference; lastKnownFileType = text.plist.strings; name = ru; path = ru.lproj/LaunchScreen.strings; sourceTree = "<group>"; };
		39E5350121A6D3370075D106 /* LoadImageVC+CVDelegate.swift */ = {isa = PBXFileReference; lastKnownFileType = sourcecode.swift; path = "LoadImageVC+CVDelegate.swift"; sourceTree = "<group>"; };
		39E5350621A70EDE0075D106 /* DownloadImage.swift */ = {isa = PBXFileReference; lastKnownFileType = sourcecode.swift; path = DownloadImage.swift; sourceTree = "<group>"; };
		39E5350921A714B70075D106 /* LoaderImageInteractor.swift */ = {isa = PBXFileReference; lastKnownFileType = sourcecode.swift; path = LoaderImageInteractor.swift; sourceTree = "<group>"; };
		39F5A00D21A0307D00FDA03D /* ConversationFetchRequester.swift */ = {isa = PBXFileReference; lastKnownFileType = sourcecode.swift; path = ConversationFetchRequester.swift; sourceTree = "<group>"; };
		39F5A00F21A0311400FDA03D /* UserFetchRequester.swift */ = {isa = PBXFileReference; lastKnownFileType = sourcecode.swift; path = UserFetchRequester.swift; sourceTree = "<group>"; };
		39F5A01121A0319400FDA03D /* MessageFetchRequester.swift */ = {isa = PBXFileReference; lastKnownFileType = sourcecode.swift; path = MessageFetchRequester.swift; sourceTree = "<group>"; };
		39F5A01321A1697E00FDA03D /* RootAssembly.swift */ = {isa = PBXFileReference; lastKnownFileType = sourcecode.swift; path = RootAssembly.swift; sourceTree = "<group>"; };
		39F5A01621A16CC800FDA03D /* ServiceAssembly.swift */ = {isa = PBXFileReference; lastKnownFileType = sourcecode.swift; path = ServiceAssembly.swift; sourceTree = "<group>"; };
		39F5A01A21A16E2C00FDA03D /* CoreAssembly.swift */ = {isa = PBXFileReference; lastKnownFileType = sourcecode.swift; path = CoreAssembly.swift; sourceTree = "<group>"; };
		39F5A01D21A1793900FDA03D /* ConversationListInteractor.swift */ = {isa = PBXFileReference; lastKnownFileType = sourcecode.swift; path = ConversationListInteractor.swift; sourceTree = "<group>"; };
		39F5A01F21A1832E00FDA03D /* PresentationAssembly.swift */ = {isa = PBXFileReference; lastKnownFileType = sourcecode.swift; path = PresentationAssembly.swift; sourceTree = "<group>"; };
		524AEC7FCFA061D270AA262B /* Pods-TinkoffChat.release.xcconfig */ = {isa = PBXFileReference; includeInIndex = 1; lastKnownFileType = text.xcconfig; name = "Pods-TinkoffChat.release.xcconfig"; path = "Pods/Target Support Files/Pods-TinkoffChat/Pods-TinkoffChat.release.xcconfig"; sourceTree = "<group>"; };
		55E31FD4E45E95E1CBDE85C3 /* Pods_TinkoffChat.framework */ = {isa = PBXFileReference; explicitFileType = wrapper.framework; includeInIndex = 0; path = Pods_TinkoffChat.framework; sourceTree = BUILT_PRODUCTS_DIR; };
		CF8EDC04F0862DBBCDEA84A9 /* Pods-TinkoffChat.debug.xcconfig */ = {isa = PBXFileReference; includeInIndex = 1; lastKnownFileType = text.xcconfig; name = "Pods-TinkoffChat.debug.xcconfig"; path = "Pods/Target Support Files/Pods-TinkoffChat/Pods-TinkoffChat.debug.xcconfig"; sourceTree = "<group>"; };
/* End PBXFileReference section */

/* Begin PBXFrameworksBuildPhase section */
		39CD89A42153E29F00D7A2BA /* Frameworks */ = {
			isa = PBXFrameworksBuildPhase;
			buildActionMask = 2147483647;
			files = (
				74883FC520E0CD4E4DD964EC /* Pods_TinkoffChat.framework in Frameworks */,
			);
			runOnlyForDeploymentPostprocessing = 0;
		};
/* End PBXFrameworksBuildPhase section */

/* Begin PBXGroup section */
		19A2C8CBF7D09CCF3AF7BBA9 /* Pods */ = {
			isa = PBXGroup;
			children = (
				CF8EDC04F0862DBBCDEA84A9 /* Pods-TinkoffChat.debug.xcconfig */,
				524AEC7FCFA061D270AA262B /* Pods-TinkoffChat.release.xcconfig */,
			);
			name = Pods;
			sourceTree = "<group>";
		};
		3908C40A216A782000DE2F1C /* extension */ = {
			isa = PBXGroup;
			children = (
				398A8F302167D94F00FB7EF1 /* Conversation TableView.swift */,
				396AD9182195DE4D00012B84 /* ConversationVC+FetchedResultCD.swift */,
			);
			path = extension;
			sourceTree = "<group>";
		};
		39373FA221A1CD8E00BE620D /* Assembly */ = {
			isa = PBXGroup;
			children = (
				39F5A01F21A1832E00FDA03D /* PresentationAssembly.swift */,
			);
			path = Assembly;
			sourceTree = "<group>";
		};
		39373FA521A1EB4A00BE620D /* MultipeerCommunicator */ = {
			isa = PBXGroup;
			children = (
				3954D84621824F7E006E8AE3 /* MultipeerCommunicator.swift */,
				3954D84B2182F9B6006E8AE3 /* MC extensions.swift */,
			);
			path = MultipeerCommunicator;
			sourceTree = "<group>";
		};
		39373FA621A1EB6C00BE620D /* Assembly */ = {
			isa = PBXGroup;
			children = (
				39F5A01A21A16E2C00FDA03D /* CoreAssembly.swift */,
			);
			path = Assembly;
			sourceTree = "<group>";
		};
		39373FA721A1F28500BE620D /* Controller */ = {
			isa = PBXGroup;
			children = (
				399C3CA92166291D00237FC4 /* ConversationListViewController.swift */,
				399C3CB921673E5800237FC4 /* extensions */,
			);
			path = Controller;
			sourceTree = "<group>";
		};
		39373FA821A1F2A200BE620D /* Model */ = {
			isa = PBXGroup;
			children = (
				399C3CB121668AB400237FC4 /* ConversationCellConfiguration.swift */,
				39F5A01D21A1793900FDA03D /* ConversationListInteractor.swift */,
			);
			path = Model;
			sourceTree = "<group>";
		};
		39373FA921A1F2FD00BE620D /* CoreDataModels extensions */ = {
			isa = PBXGroup;
			children = (
				396AD910219571BF00012B84 /* Conversation.swift */,
				396AD914219590A000012B84 /* Message.swift */,
				397DAD89218CB15100E03925 /* AppUser.swift */,
				396AD91621959F4A00012B84 /* User.swift */,
			);
			path = "CoreDataModels extensions";
			sourceTree = "<group>";
		};
		39373FAA21A1F33900BE620D /* Controller */ = {
			isa = PBXGroup;
			children = (
				39044E1B216FB82800B89573 /* ThemesViewControllerDelegate.h */,
				39B4E556217238D500772481 /* ThemesViewController.swift */,
				39044E15216FB52500B89573 /* ThemesViewController.h */,
				39044E16216FB52500B89573 /* ThemesViewController.m */,
			);
			path = Controller;
			sourceTree = "<group>";
		};
		39373FAB21A1F34C00BE620D /* Model */ = {
			isa = PBXGroup;
			children = (
				39B4E558217238FC00772481 /* Themes */,
			);
			path = Model;
			sourceTree = "<group>";
		};
		39373FAC21A1F35F00BE620D /* Controller */ = {
			isa = PBXGroup;
			children = (
				398A8F2B2167B9E700FB7EF1 /* ConversationViewController.swift */,
				3908C40A216A782000DE2F1C /* extension */,
			);
			path = Controller;
			sourceTree = "<group>";
		};
		39373FAD21A1F37400BE620D /* Model */ = {
			isa = PBXGroup;
			children = (
				399C3CBA21673FCD00237FC4 /* MessageCellConfiguration.swift */,
				39096B0321A1B986001AF5BA /* ConversationInteractor.swift */,
			);
			path = Model;
			sourceTree = "<group>";
		};
		39373FAE21A1F37B00BE620D /* View */ = {
			isa = PBXGroup;
			children = (
				398A8F2E2167CF4100FB7EF1 /* MessageTableViewCell.swift */,
			);
			path = View;
			sourceTree = "<group>";
		};
		39373FAF21A1F3BF00BE620D /* Controller */ = {
			isa = PBXGroup;
			children = (
				39CD89AC2153E29F00D7A2BA /* ProfileViewController.swift */,
				39DDEB74215D38600028EC77 /* extensions */,
			);
			path = Controller;
			sourceTree = "<group>";
		};
		39373FB021A1F3CD00BE620D /* Model */ = {
			isa = PBXGroup;
			children = (
				39DAF668217B08610043394F /* Profile.swift */,
				39373FA321A1DC4800BE620D /* ProfileInteractor.swift */,
			);
			path = Model;
			sourceTree = "<group>";
		};
		39373FB121A1F41B00BE620D /* Modules */ = {
			isa = PBXGroup;
			children = (
				39F5A00C21A014EC00FDA03D /* Model */,
				399C3CB821673E2800237FC4 /* ConversationListViewController */,
				39B4E569217328E900772481 /* ThemesViewController */,
				398A8F2D2167BD0500FB7EF1 /* ConversationViewController */,
				39DDEB71215D35F00028EC77 /* ProfileViewController */,
				3999A66821A6BE8600E9AF45 /* LoaderImageViewController */,
			);
			path = Modules;
			sourceTree = "<group>";
		};
		398A8F2D2167BD0500FB7EF1 /* ConversationViewController */ = {
			isa = PBXGroup;
			children = (
				39373FAC21A1F35F00BE620D /* Controller */,
				39373FAE21A1F37B00BE620D /* View */,
				39373FAD21A1F37400BE620D /* Model */,
			);
			path = ConversationViewController;
			sourceTree = "<group>";
		};
		3999A66321A6AD2C00E9AF45 /* Network layer */ = {
			isa = PBXGroup;
			children = (
				3999A66121A69D1500E9AF45 /* RequestConfig.swift */,
				3999A66421A6ADA800E9AF45 /* RequestSender.swift */,
			);
			path = "Network layer";
			sourceTree = "<group>";
		};
		3999A66821A6BE8600E9AF45 /* LoaderImageViewController */ = {
			isa = PBXGroup;
			children = (
				3999A66B21A6CD4C00E9AF45 /* Controller */,
				3999A67221A6CDCD00E9AF45 /* View */,
				39E5350821A714A80075D106 /* Model */,
			);
			path = LoaderImageViewController;
			sourceTree = "<group>";
		};
		3999A66B21A6CD4C00E9AF45 /* Controller */ = {
			isa = PBXGroup;
			children = (
				3999A66621A6BE8100E9AF45 /* LoaderImageViewController.swift */,
				39E5350521A70E0D0075D106 /* CV extensions */,
			);
			path = Controller;
			sourceTree = "<group>";
		};
		3999A67221A6CDCD00E9AF45 /* View */ = {
			isa = PBXGroup;
			children = (
				3999A66E21A6CDC800E9AF45 /* DownloadImageCollectionViewCell.swift */,
			);
			path = View;
			sourceTree = "<group>";
		};
		399C3CB321668B7600237FC4 /* View */ = {
			isa = PBXGroup;
			children = (
				399C3CAD216681BF00237FC4 /* ConversationTableViewCell.swift */,
			);
			path = View;
			sourceTree = "<group>";
		};
		399C3CB821673E2800237FC4 /* ConversationListViewController */ = {
			isa = PBXGroup;
			children = (
				39373FA721A1F28500BE620D /* Controller */,
				39373FA821A1F2A200BE620D /* Model */,
				399C3CB321668B7600237FC4 /* View */,
			);
			path = ConversationListViewController;
			sourceTree = "<group>";
		};
		399C3CB921673E5800237FC4 /* extensions */ = {
			isa = PBXGroup;
			children = (
				399C3CAB2166805000237FC4 /* ConversationList TableView.swift */,
				39044E1C216FC49500B89573 /* ThemesVC delegate.swift */,
				396AD912219579E300012B84 /* ConversationListVC+NSFetchResultsCD.swift */,
			);
			path = extensions;
			sourceTree = "<group>";
		};
		39B4E558217238FC00772481 /* Themes */ = {
			isa = PBXGroup;
			children = (
				39044E1E21713F5300B89573 /* Themes.m */,
				39044E1A216FB68600B89573 /* Themes.h */,
			);
			path = Themes;
			sourceTree = "<group>";
		};
		39B4E569217328E900772481 /* ThemesViewController */ = {
			isa = PBXGroup;
			children = (
				39373FAB21A1F34C00BE620D /* Model */,
				39373FAA21A1F33900BE620D /* Controller */,
			);
			path = ThemesViewController;
			sourceTree = "<group>";
		};
		39CD899E2153E29F00D7A2BA = {
			isa = PBXGroup;
			children = (
				39CD89EA2154E7EE00D7A2BA /* .gitignore */,
				39CD89A92153E29F00D7A2BA /* TinkoffChat */,
				39CD89A82153E29F00D7A2BA /* Products */,
				19A2C8CBF7D09CCF3AF7BBA9 /* Pods */,
				D64585AC2F710E8C3BDA9EED /* Frameworks */,
			);
			sourceTree = "<group>";
		};
		39CD89A82153E29F00D7A2BA /* Products */ = {
			isa = PBXGroup;
			children = (
				39CD89A72153E29F00D7A2BA /* TinkoffChat.app */,
			);
			name = Products;
			sourceTree = "<group>";
		};
		39CD89A92153E29F00D7A2BA /* TinkoffChat */ = {
			isa = PBXGroup;
			children = (
				39F5A00A21A0147B00FDA03D /* Core layer */,
				39F5A00921A0140700FDA03D /* ServiceLayer */,
				39CD89AA2153E29F00D7A2BA /* AppDelegate.swift */,
				39F5A00821A013D800FDA03D /* Presentation layer */,
				39F5A01C21A16E7300FDA03D /* SupportFiles */,
				39044E14216FB52500B89573 /* TinkoffChat-Bridging-Header.h */,
				39CD89B62153E2A000D7A2BA /* Info.plist */,
				39CD89B32153E2A000D7A2BA /* LaunchScreen.storyboard */,
			);
			path = TinkoffChat;
			sourceTree = "<group>";
		};
		39CD89F621554BBC00D7A2BA /* UIApplicationState extensions */ = {
			isa = PBXGroup;
			children = (
				39CD89F421554BB600D7A2BA /* CustomStringConvertible.swift */,
			);
			path = "UIApplicationState extensions";
			sourceTree = "<group>";
		};
		39DDEB71215D35F00028EC77 /* ProfileViewController */ = {
			isa = PBXGroup;
			children = (
				39373FAF21A1F3BF00BE620D /* Controller */,
				39373FB021A1F3CD00BE620D /* Model */,
			);
			path = ProfileViewController;
			sourceTree = "<group>";
		};
		39DDEB74215D38600028EC77 /* extensions */ = {
			isa = PBXGroup;
			children = (
				39DDEB72215D36880028EC77 /* ImagePickerDelegate.swift */,
			);
			path = extensions;
			sourceTree = "<group>";
		};
		39E5350521A70E0D0075D106 /* CV extensions */ = {
			isa = PBXGroup;
			children = (
				3999A67321A6D0AD00E9AF45 /* LoaderImageVC+CVDataSource.swift */,
				3999A66921A6C05D00E9AF45 /* LoaderImageVC+CollectionViewFlow.swift */,
				39E5350121A6D3370075D106 /* LoadImageVC+CVDelegate.swift */,
			);
			path = "CV extensions";
			sourceTree = "<group>";
		};
		39E5350821A714A80075D106 /* Model */ = {
			isa = PBXGroup;
			children = (
				39E5350621A70EDE0075D106 /* DownloadImage.swift */,
				39E5350921A714B70075D106 /* LoaderImageInteractor.swift */,
			);
			path = Model;
			sourceTree = "<group>";
		};
		39F5A00821A013D800FDA03D /* Presentation layer */ = {
			isa = PBXGroup;
			children = (
				39373FB121A1F41B00BE620D /* Modules */,
				39373FA221A1CD8E00BE620D /* Assembly */,
			);
			path = "Presentation layer";
			sourceTree = "<group>";
		};
		39F5A00921A0140700FDA03D /* ServiceLayer */ = {
			isa = PBXGroup;
			children = (
				39F5A01521A16CA100FDA03D /* Services */,
				39F5A01821A16E0A00FDA03D /* Assembly */,
			);
			path = ServiceLayer;
			sourceTree = "<group>";
		};
		39F5A00A21A0147B00FDA03D /* Core layer */ = {
			isa = PBXGroup;
			children = (
				39F5A01921A16E1800FDA03D /* CoreComponents */,
				39373FA621A1EB6C00BE620D /* Assembly */,
			);
			path = "Core layer";
			sourceTree = "<group>";
		};
		39F5A00C21A014EC00FDA03D /* Model */ = {
			isa = PBXGroup;
			children = (
				3954D85121834B4D006E8AE3 /* CommunicationIntegrator.swift */,
			);
			path = Model;
			sourceTree = "<group>";
		};
		39F5A01521A16CA100FDA03D /* Services */ = {
			isa = PBXGroup;
			children = (
				39DAF66C217B77D60043394F /* OperationDataManager.swift */,
				39CD89FB2156495900D7A2BA /* Logger.swift */,
				3954D84421824CA5006E8AE3 /* ICommunicatorManager.swift */,
				3954D84D218319B0006E8AE3 /* CommunicatonManager.swift */,
				39DAF66A217B0DF30043394F /* ProfileDataManager.swift */,
				397DAD86218CA95000E03925 /* StorageManager.swift */,
				39DAF666217AFDAC0043394F /* GCDDataManager.swift */,
			);
			path = Services;
			sourceTree = "<group>";
		};
		39F5A01821A16E0A00FDA03D /* Assembly */ = {
			isa = PBXGroup;
			children = (
				39F5A01621A16CC800FDA03D /* ServiceAssembly.swift */,
			);
			path = Assembly;
			sourceTree = "<group>";
		};
		39F5A01921A16E1800FDA03D /* CoreComponents */ = {
			isa = PBXGroup;
			children = (
				39B81FA7218A1E7F0065C997 /* CoreDataStack.swift */,
				39373FA921A1F2FD00BE620D /* CoreDataModels extensions */,
				39B81FA9218A1EF00065C997 /* DataModel.xcdatamodeld */,
				39373FA521A1EB4A00BE620D /* MultipeerCommunicator */,
				3954D84221824C8D006E8AE3 /* Communicator.swift */,
				39F5A00D21A0307D00FDA03D /* ConversationFetchRequester.swift */,
				39F5A00F21A0311400FDA03D /* UserFetchRequester.swift */,
				39F5A01121A0319400FDA03D /* MessageFetchRequester.swift */,
				3999A66321A6AD2C00E9AF45 /* Network layer */,
			);
			path = CoreComponents;
			sourceTree = "<group>";
		};
		39F5A01C21A16E7300FDA03D /* SupportFiles */ = {
			isa = PBXGroup;
			children = (
				39F5A01321A1697E00FDA03D /* RootAssembly.swift */,
				39CD89B12153E2A000D7A2BA /* Assets.xcassets */,
				39CD89AE2153E29F00D7A2BA /* Main.storyboard */,
				39CD89F621554BBC00D7A2BA /* UIApplicationState extensions */,
			);
			path = SupportFiles;
			sourceTree = "<group>";
		};
		D64585AC2F710E8C3BDA9EED /* Frameworks */ = {
			isa = PBXGroup;
			children = (
				55E31FD4E45E95E1CBDE85C3 /* Pods_TinkoffChat.framework */,
			);
			name = Frameworks;
			sourceTree = "<group>";
		};
/* End PBXGroup section */

/* Begin PBXNativeTarget section */
		39CD89A62153E29F00D7A2BA /* TinkoffChat */ = {
			isa = PBXNativeTarget;
			buildConfigurationList = 39CD89B92153E2A000D7A2BA /* Build configuration list for PBXNativeTarget "TinkoffChat" */;
			buildPhases = (
				38B69E906E39310A59A5721E /* [CP] Check Pods Manifest.lock */,
				39CD89A32153E29F00D7A2BA /* Sources */,
				39CD89A42153E29F00D7A2BA /* Frameworks */,
				39CD89A52153E29F00D7A2BA /* Resources */,
				601BEA5935DA26F0843EBE1D /* [CP] Embed Pods Frameworks */,
				F7358D8EC8E78BED634D5A90 /* [CP] Copy Pods Resources */,
				39203A052198347400B681FB /* ShellScript */,
			);
			buildRules = (
			);
			dependencies = (
			);
			name = TinkoffChat;
			productName = TinkoffChat;
			productReference = 39CD89A72153E29F00D7A2BA /* TinkoffChat.app */;
			productType = "com.apple.product-type.application";
		};
/* End PBXNativeTarget section */

/* Begin PBXProject section */
		39CD899F2153E29F00D7A2BA /* Project object */ = {
			isa = PBXProject;
			attributes = {
				LastSwiftUpdateCheck = 0940;
				LastUpgradeCheck = 0940;
				ORGANIZATIONNAME = "Тимур";
				TargetAttributes = {
					39CD89A62153E29F00D7A2BA = {
						CreatedOnToolsVersion = 9.4.1;
						LastSwiftMigration = 1000;
					};
				};
			};
			buildConfigurationList = 39CD89A22153E29F00D7A2BA /* Build configuration list for PBXProject "TinkoffChat" */;
			compatibilityVersion = "Xcode 9.3";
			developmentRegion = en;
			hasScannedForEncodings = 0;
			knownRegions = (
				en,
				Base,
			);
			mainGroup = 39CD899E2153E29F00D7A2BA;
			productRefGroup = 39CD89A82153E29F00D7A2BA /* Products */;
			projectDirPath = "";
			projectRoot = "";
			targets = (
				39CD89A62153E29F00D7A2BA /* TinkoffChat */,
			);
		};
/* End PBXProject section */

/* Begin PBXResourcesBuildPhase section */
		39CD89A52153E29F00D7A2BA /* Resources */ = {
			isa = PBXResourcesBuildPhase;
			buildActionMask = 2147483647;
			files = (
				39CD89EB2154E7EE00D7A2BA /* .gitignore in Resources */,
				39CD89B52153E2A000D7A2BA /* LaunchScreen.storyboard in Resources */,
				39CD89B22153E2A000D7A2BA /* Assets.xcassets in Resources */,
				39CD89B02153E29F00D7A2BA /* Main.storyboard in Resources */,
			);
			runOnlyForDeploymentPostprocessing = 0;
		};
/* End PBXResourcesBuildPhase section */

/* Begin PBXShellScriptBuildPhase section */
		38B69E906E39310A59A5721E /* [CP] Check Pods Manifest.lock */ = {
			isa = PBXShellScriptBuildPhase;
			buildActionMask = 2147483647;
			files = (
			);
			inputPaths = (
				"${PODS_PODFILE_DIR_PATH}/Podfile.lock",
				"${PODS_ROOT}/Manifest.lock",
			);
			name = "[CP] Check Pods Manifest.lock";
			outputPaths = (
				"$(DERIVED_FILE_DIR)/Pods-TinkoffChat-checkManifestLockResult.txt",
			);
			runOnlyForDeploymentPostprocessing = 0;
			shellPath = /bin/sh;
			shellScript = "diff \"${PODS_PODFILE_DIR_PATH}/Podfile.lock\" \"${PODS_ROOT}/Manifest.lock\" > /dev/null\nif [ $? != 0 ] ; then\n    # print error to STDERR\n    echo \"error: The sandbox is not in sync with the Podfile.lock. Run 'pod install' or update your CocoaPods installation.\" >&2\n    exit 1\nfi\n# This output is used by Xcode 'outputs' to avoid re-running this script phase.\necho \"SUCCESS\" > \"${SCRIPT_OUTPUT_FILE_0}\"\n";
			showEnvVarsInLog = 0;
		};
		39203A052198347400B681FB /* ShellScript */ = {
			isa = PBXShellScriptBuildPhase;
			buildActionMask = 2147483647;
			files = (
			);
			inputFileListPaths = (
			);
			inputPaths = (
			);
			outputFileListPaths = (
			);
			outputPaths = (
			);
			runOnlyForDeploymentPostprocessing = 0;
			shellPath = /bin/sh;
			shellScript = "\"${PODS_ROOT}/SwiftLint/swiftlint\"\n";
		};
		601BEA5935DA26F0843EBE1D /* [CP] Embed Pods Frameworks */ = {
			isa = PBXShellScriptBuildPhase;
			buildActionMask = 2147483647;
			files = (
			);
			inputPaths = (
			);
			name = "[CP] Embed Pods Frameworks";
			outputPaths = (
			);
			runOnlyForDeploymentPostprocessing = 0;
			shellPath = /bin/sh;
			shellScript = "\"${SRCROOT}/Pods/Target Support Files/Pods-TinkoffChat/Pods-TinkoffChat-frameworks.sh\"\n";
			showEnvVarsInLog = 0;
		};
		F7358D8EC8E78BED634D5A90 /* [CP] Copy Pods Resources */ = {
			isa = PBXShellScriptBuildPhase;
			buildActionMask = 2147483647;
			files = (
			);
			inputPaths = (
			);
			name = "[CP] Copy Pods Resources";
			outputPaths = (
			);
			runOnlyForDeploymentPostprocessing = 0;
			shellPath = /bin/sh;
			shellScript = "\"${SRCROOT}/Pods/Target Support Files/Pods-TinkoffChat/Pods-TinkoffChat-resources.sh\"\n";
			showEnvVarsInLog = 0;
		};
/* End PBXShellScriptBuildPhase section */

/* Begin PBXSourcesBuildPhase section */
		39CD89A32153E29F00D7A2BA /* Sources */ = {
			isa = PBXSourcesBuildPhase;
			buildActionMask = 2147483647;
			files = (
				3954D84321824C8D006E8AE3 /* Communicator.swift in Sources */,
				39B81FAB218A1EF00065C997 /* DataModel.xcdatamodeld in Sources */,
				39CD89F521554BB600D7A2BA /* CustomStringConvertible.swift in Sources */,
				39E5350721A70EDE0075D106 /* DownloadImage.swift in Sources */,
				398A8F2C2167B9E700FB7EF1 /* ConversationViewController.swift in Sources */,
				399C3CAC2166805000237FC4 /* ConversationList TableView.swift in Sources */,
				399C3CB221668AB400237FC4 /* ConversationCellConfiguration.swift in Sources */,
				39F5A01021A0311400FDA03D /* UserFetchRequester.swift in Sources */,
				396AD9192195DE4D00012B84 /* ConversationVC+FetchedResultCD.swift in Sources */,
				39096B0421A1B986001AF5BA /* ConversationInteractor.swift in Sources */,
				39044E1F21713F5300B89573 /* Themes.m in Sources */,
				39373FA421A1DC4800BE620D /* ProfileInteractor.swift in Sources */,
				39F5A01421A1697E00FDA03D /* RootAssembly.swift in Sources */,
				3999A67421A6D0AD00E9AF45 /* LoaderImageVC+CVDataSource.swift in Sources */,
				3999A66521A6ADA800E9AF45 /* RequestSender.swift in Sources */,
				397DAD8A218CB15100E03925 /* AppUser.swift in Sources */,
				39DAF667217AFDAC0043394F /* GCDDataManager.swift in Sources */,
				39F5A01B21A16E2C00FDA03D /* CoreAssembly.swift in Sources */,
				39DAF66B217B0DF30043394F /* ProfileDataManager.swift in Sources */,
				399C3CBB21673FCD00237FC4 /* MessageCellConfiguration.swift in Sources */,
				3999A67021A6CDC800E9AF45 /* DownloadImageCollectionViewCell.swift in Sources */,
				39E5350A21A714B70075D106 /* LoaderImageInteractor.swift in Sources */,
				39F5A01721A16CC800FDA03D /* ServiceAssembly.swift in Sources */,
				39CD89AD2153E29F00D7A2BA /* ProfileViewController.swift in Sources */,
				39E5350221A6D3370075D106 /* LoadImageVC+CVDelegate.swift in Sources */,
				398A8F2F2167CF4100FB7EF1 /* MessageTableViewCell.swift in Sources */,
				399C3CAA2166291D00237FC4 /* ConversationListViewController.swift in Sources */,
				39CD89AB2153E29F00D7A2BA /* AppDelegate.swift in Sources */,
				3954D84C2182F9B6006E8AE3 /* MC extensions.swift in Sources */,
				3954D85221834B4D006E8AE3 /* CommunicationIntegrator.swift in Sources */,
				3954D84721824F7E006E8AE3 /* MultipeerCommunicator.swift in Sources */,
				3999A66221A69D1500E9AF45 /* RequestConfig.swift in Sources */,
				39F5A01221A0319400FDA03D /* MessageFetchRequester.swift in Sources */,
				39F5A02021A1832E00FDA03D /* PresentationAssembly.swift in Sources */,
				39CD89FC2156495900D7A2BA /* Logger.swift in Sources */,
				396AD915219590A000012B84 /* Message.swift in Sources */,
				39044E1D216FC49500B89573 /* ThemesVC delegate.swift in Sources */,
				396AD91721959F4A00012B84 /* User.swift in Sources */,
				39B4E56E21735C8000772481 /* ThemesViewController.m in Sources */,
				397DAD87218CA95000E03925 /* StorageManager.swift in Sources */,
				3999A66721A6BE8100E9AF45 /* LoaderImageViewController.swift in Sources */,
				396AD913219579E300012B84 /* ConversationListVC+NSFetchResultsCD.swift in Sources */,
				39F5A00E21A0307D00FDA03D /* ConversationFetchRequester.swift in Sources */,
				39DDEB73215D36880028EC77 /* ImagePickerDelegate.swift in Sources */,
				39DAF66D217B77D60043394F /* OperationDataManager.swift in Sources */,
				396AD911219571BF00012B84 /* Conversation.swift in Sources */,
				39DAF669217B08610043394F /* Profile.swift in Sources */,
				3999A66A21A6C05D00E9AF45 /* LoaderImageVC+CollectionViewFlow.swift in Sources */,
				3954D84E218319B0006E8AE3 /* CommunicatonManager.swift in Sources */,
				3954D84521824CA5006E8AE3 /* ICommunicatorManager.swift in Sources */,
				398A8F312167D94F00FB7EF1 /* Conversation TableView.swift in Sources */,
				39F5A01E21A1793900FDA03D /* ConversationListInteractor.swift in Sources */,
				399C3CAE216681BF00237FC4 /* ConversationTableViewCell.swift in Sources */,
				39B81FA8218A1E7F0065C997 /* CoreDataStack.swift in Sources */,
			);
			runOnlyForDeploymentPostprocessing = 0;
		};
/* End PBXSourcesBuildPhase section */

/* Begin PBXVariantGroup section */
		39CD89AE2153E29F00D7A2BA /* Main.storyboard */ = {
			isa = PBXVariantGroup;
			children = (
				39CD89AF2153E29F00D7A2BA /* Base */,
				39DDEB75215D431A0028EC77 /* ru */,
			);
			name = Main.storyboard;
			sourceTree = "<group>";
		};
		39CD89B32153E2A000D7A2BA /* LaunchScreen.storyboard */ = {
			isa = PBXVariantGroup;
			children = (
				39CD89B42153E2A000D7A2BA /* Base */,
				39DDEB76215D431A0028EC77 /* ru */,
			);
			name = LaunchScreen.storyboard;
			sourceTree = "<group>";
		};
/* End PBXVariantGroup section */

/* Begin XCBuildConfiguration section */
		39CD89B72153E2A000D7A2BA /* Debug */ = {
			isa = XCBuildConfiguration;
			buildSettings = {
				ALWAYS_SEARCH_USER_PATHS = NO;
				CLANG_ANALYZER_LOCALIZABILITY_NONLOCALIZED = YES;
				CLANG_ANALYZER_NONNULL = YES;
				CLANG_ANALYZER_NUMBER_OBJECT_CONVERSION = YES_AGGRESSIVE;
				CLANG_CXX_LANGUAGE_STANDARD = "gnu++14";
				CLANG_CXX_LIBRARY = "libc++";
				CLANG_ENABLE_MODULES = YES;
				CLANG_ENABLE_OBJC_ARC = NO;
				CLANG_ENABLE_OBJC_WEAK = YES;
				CLANG_WARN_BLOCK_CAPTURE_AUTORELEASING = YES;
				CLANG_WARN_BOOL_CONVERSION = YES;
				CLANG_WARN_COMMA = YES;
				CLANG_WARN_CONSTANT_CONVERSION = YES;
				CLANG_WARN_DEPRECATED_OBJC_IMPLEMENTATIONS = YES;
				CLANG_WARN_DIRECT_OBJC_ISA_USAGE = YES_ERROR;
				CLANG_WARN_DOCUMENTATION_COMMENTS = YES;
				CLANG_WARN_EMPTY_BODY = YES;
				CLANG_WARN_ENUM_CONVERSION = YES;
				CLANG_WARN_INFINITE_RECURSION = YES;
				CLANG_WARN_INT_CONVERSION = YES;
				CLANG_WARN_NON_LITERAL_NULL_CONVERSION = YES;
				CLANG_WARN_OBJC_IMPLICIT_RETAIN_SELF = YES;
				CLANG_WARN_OBJC_LITERAL_CONVERSION = YES;
				CLANG_WARN_OBJC_ROOT_CLASS = YES_ERROR;
				CLANG_WARN_RANGE_LOOP_ANALYSIS = YES;
				CLANG_WARN_STRICT_PROTOTYPES = YES;
				CLANG_WARN_SUSPICIOUS_MOVE = YES;
				CLANG_WARN_UNGUARDED_AVAILABILITY = YES_AGGRESSIVE;
				CLANG_WARN_UNREACHABLE_CODE = YES;
				CLANG_WARN__DUPLICATE_METHOD_MATCH = YES;
				CODE_SIGN_IDENTITY = "iPhone Developer";
				COPY_PHASE_STRIP = NO;
				DEBUG_INFORMATION_FORMAT = dwarf;
				ENABLE_STRICT_OBJC_MSGSEND = YES;
				ENABLE_TESTABILITY = YES;
				GCC_C_LANGUAGE_STANDARD = gnu11;
				GCC_DYNAMIC_NO_PIC = NO;
				GCC_NO_COMMON_BLOCKS = YES;
				GCC_OPTIMIZATION_LEVEL = 0;
				GCC_PREPROCESSOR_DEFINITIONS = (
					"DEBUG=1",
					"$(inherited)",
				);
				GCC_WARN_64_TO_32_BIT_CONVERSION = YES;
				GCC_WARN_ABOUT_RETURN_TYPE = YES_ERROR;
				GCC_WARN_UNDECLARED_SELECTOR = YES;
				GCC_WARN_UNINITIALIZED_AUTOS = YES_AGGRESSIVE;
				GCC_WARN_UNUSED_FUNCTION = YES;
				GCC_WARN_UNUSED_VARIABLE = YES;
				IPHONEOS_DEPLOYMENT_TARGET = 12.0;
				MTL_ENABLE_DEBUG_INFO = YES;
				ONLY_ACTIVE_ARCH = YES;
				SDKROOT = iphoneos;
				SWIFT_ACTIVE_COMPILATION_CONDITIONS = DEBUG;
				SWIFT_OPTIMIZATION_LEVEL = "-Onone";
			};
			name = Debug;
		};
		39CD89B82153E2A000D7A2BA /* Release */ = {
			isa = XCBuildConfiguration;
			buildSettings = {
				ALWAYS_SEARCH_USER_PATHS = NO;
				CLANG_ANALYZER_LOCALIZABILITY_NONLOCALIZED = YES;
				CLANG_ANALYZER_NONNULL = YES;
				CLANG_ANALYZER_NUMBER_OBJECT_CONVERSION = YES_AGGRESSIVE;
				CLANG_CXX_LANGUAGE_STANDARD = "gnu++14";
				CLANG_CXX_LIBRARY = "libc++";
				CLANG_ENABLE_MODULES = YES;
				CLANG_ENABLE_OBJC_ARC = NO;
				CLANG_ENABLE_OBJC_WEAK = YES;
				CLANG_WARN_BLOCK_CAPTURE_AUTORELEASING = YES;
				CLANG_WARN_BOOL_CONVERSION = YES;
				CLANG_WARN_COMMA = YES;
				CLANG_WARN_CONSTANT_CONVERSION = YES;
				CLANG_WARN_DEPRECATED_OBJC_IMPLEMENTATIONS = YES;
				CLANG_WARN_DIRECT_OBJC_ISA_USAGE = YES_ERROR;
				CLANG_WARN_DOCUMENTATION_COMMENTS = YES;
				CLANG_WARN_EMPTY_BODY = YES;
				CLANG_WARN_ENUM_CONVERSION = YES;
				CLANG_WARN_INFINITE_RECURSION = YES;
				CLANG_WARN_INT_CONVERSION = YES;
				CLANG_WARN_NON_LITERAL_NULL_CONVERSION = YES;
				CLANG_WARN_OBJC_IMPLICIT_RETAIN_SELF = YES;
				CLANG_WARN_OBJC_LITERAL_CONVERSION = YES;
				CLANG_WARN_OBJC_ROOT_CLASS = YES_ERROR;
				CLANG_WARN_RANGE_LOOP_ANALYSIS = YES;
				CLANG_WARN_STRICT_PROTOTYPES = YES;
				CLANG_WARN_SUSPICIOUS_MOVE = YES;
				CLANG_WARN_UNGUARDED_AVAILABILITY = YES_AGGRESSIVE;
				CLANG_WARN_UNREACHABLE_CODE = YES;
				CLANG_WARN__DUPLICATE_METHOD_MATCH = YES;
				CODE_SIGN_IDENTITY = "iPhone Developer";
				COPY_PHASE_STRIP = NO;
				DEBUG_INFORMATION_FORMAT = "dwarf-with-dsym";
				ENABLE_NS_ASSERTIONS = NO;
				ENABLE_STRICT_OBJC_MSGSEND = YES;
				GCC_C_LANGUAGE_STANDARD = gnu11;
				GCC_NO_COMMON_BLOCKS = YES;
				GCC_WARN_64_TO_32_BIT_CONVERSION = YES;
				GCC_WARN_ABOUT_RETURN_TYPE = YES_ERROR;
				GCC_WARN_UNDECLARED_SELECTOR = YES;
				GCC_WARN_UNINITIALIZED_AUTOS = YES_AGGRESSIVE;
				GCC_WARN_UNUSED_FUNCTION = YES;
				GCC_WARN_UNUSED_VARIABLE = YES;
				IPHONEOS_DEPLOYMENT_TARGET = 12.0;
				MTL_ENABLE_DEBUG_INFO = NO;
				ONLY_ACTIVE_ARCH = NO;
				OTHER_SWIFT_FLAGS = "";
				SDKROOT = iphoneos;
				SWIFT_COMPILATION_MODE = wholemodule;
				SWIFT_OPTIMIZATION_LEVEL = "-O";
				VALIDATE_PRODUCT = YES;
			};
			name = Release;
		};
		39CD89BA2153E2A000D7A2BA /* Debug */ = {
			isa = XCBuildConfiguration;
			baseConfigurationReference = CF8EDC04F0862DBBCDEA84A9 /* Pods-TinkoffChat.debug.xcconfig */;
			buildSettings = {
				ASSETCATALOG_COMPILER_APPICON_NAME = AppIcon;
				CLANG_ENABLE_MODULES = YES;
				CODE_SIGN_STYLE = Automatic;
				DEVELOPMENT_TEAM = N7THUBBPH8;
				INFOPLIST_FILE = TinkoffChat/Info.plist;
				IPHONEOS_DEPLOYMENT_TARGET = 12.0;
				LD_RUNPATH_SEARCH_PATHS = (
					"$(inherited)",
					"@executable_path/Frameworks",
				);
				PRODUCT_BUNDLE_IDENTIFIER = com.tssadykov.TinkoffChat;
				PRODUCT_NAME = "$(TARGET_NAME)";
				SWIFT_OBJC_BRIDGING_HEADER = "TinkoffChat/TinkoffChat-Bridging-Header.h";
				SWIFT_OPTIMIZATION_LEVEL = "-Onone";
				SWIFT_VERSION = 4.2;
				TARGETED_DEVICE_FAMILY = 1;
			};
			name = Debug;
		};
		39CD89BB2153E2A000D7A2BA /* Release */ = {
			isa = XCBuildConfiguration;
			baseConfigurationReference = 524AEC7FCFA061D270AA262B /* Pods-TinkoffChat.release.xcconfig */;
			buildSettings = {
				ASSETCATALOG_COMPILER_APPICON_NAME = AppIcon;
				CLANG_ENABLE_MODULES = YES;
				CODE_SIGN_STYLE = Automatic;
				DEVELOPMENT_TEAM = N7THUBBPH8;
				INFOPLIST_FILE = TinkoffChat/Info.plist;
				IPHONEOS_DEPLOYMENT_TARGET = 12.0;
				LD_RUNPATH_SEARCH_PATHS = (
					"$(inherited)",
					"@executable_path/Frameworks",
				);
				PRODUCT_BUNDLE_IDENTIFIER = com.tssadykov.TinkoffChat;
				PRODUCT_NAME = "$(TARGET_NAME)";
				SWIFT_OBJC_BRIDGING_HEADER = "TinkoffChat/TinkoffChat-Bridging-Header.h";
				SWIFT_VERSION = 4.2;
				TARGETED_DEVICE_FAMILY = 1;
			};
			name = Release;
		};
/* End XCBuildConfiguration section */

/* Begin XCConfigurationList section */
		39CD89A22153E29F00D7A2BA /* Build configuration list for PBXProject "TinkoffChat" */ = {
			isa = XCConfigurationList;
			buildConfigurations = (
				39CD89B72153E2A000D7A2BA /* Debug */,
				39CD89B82153E2A000D7A2BA /* Release */,
			);
			defaultConfigurationIsVisible = 0;
			defaultConfigurationName = Debug;
		};
		39CD89B92153E2A000D7A2BA /* Build configuration list for PBXNativeTarget "TinkoffChat" */ = {
			isa = XCConfigurationList;
			buildConfigurations = (
				39CD89BA2153E2A000D7A2BA /* Debug */,
				39CD89BB2153E2A000D7A2BA /* Release */,
			);
			defaultConfigurationIsVisible = 0;
			defaultConfigurationName = Debug;
		};
/* End XCConfigurationList section */

/* Begin XCVersionGroup section */
		39B81FA9218A1EF00065C997 /* DataModel.xcdatamodeld */ = {
			isa = XCVersionGroup;
			children = (
				39B81FAA218A1EF00065C997 /* ProfileModel.xcdatamodel */,
			);
			currentVersion = 39B81FAA218A1EF00065C997 /* ProfileModel.xcdatamodel */;
			path = DataModel.xcdatamodeld;
			sourceTree = "<group>";
			versionGroupType = wrapper.xcdatamodel;
		};
/* End XCVersionGroup section */
	};
	rootObject = 39CD899F2153E29F00D7A2BA /* Project object */;
}
